// !$*UTF8*$!
{
	archiveVersion = 1;
	classes = {
	};
	objectVersion = 77;
	objects = {

/* Begin PBXBuildFile section */
		54F2568EE86D2B737581D66C /* SectionEditorView.swift in Sources */ = {isa = PBXBuildFile; fileRef = 758B62CBB633544378819392 /* SectionEditorView.swift */; };
		72E75DD429F202B6D26AE143 /* CourseOnboardingFlow.swift in Sources */ = {isa = PBXBuildFile; fileRef = D4B04414B426E6BCD4B817DE /* CourseOnboardingFlow.swift */; };
		CD26DBB62EF7362000175298 /* CenteredDisclosureStyle.swift in Sources */ = {isa = PBXBuildFile; fileRef = CD26DBB52EF7361600175298 /* CenteredDisclosureStyle.swift */; };
		CD26DBD12EF7F1E900175298 /* SectionDashboardView.swift in Sources */ = {isa = PBXBuildFile; fileRef = CD26DBD02EF7F1E900175298 /* SectionDashboardView.swift */; };
		CD26DBD62EF7F20C00175298 /* ExamStructureCanvasView.swift in Sources */ = {isa = PBXBuildFile; fileRef = CD26DBD22EF7F20C00175298 /* ExamStructureCanvasView.swift */; };
		CD26DBD72EF7F20C00175298 /* ExamStructureModels.swift in Sources */ = {isa = PBXBuildFile; fileRef = CD26DBD32EF7F20C00175298 /* ExamStructureModels.swift */; };
		CD26DBD82EF7F20C00175298 /* NodeAttributesEditor.swift in Sources */ = {isa = PBXBuildFile; fileRef = CD26DBD42EF7F20C00175298 /* NodeAttributesEditor.swift */; };
		CD26DBE02EF7F23000175298 /* CourseBuilderViewModel.swift in Sources */ = {isa = PBXBuildFile; fileRef = CD26DBD92EF7F23000175298 /* CourseBuilderViewModel.swift */; };
		CD26DBE12EF7F23000175298 /* CourseListViewModel.swift in Sources */ = {isa = PBXBuildFile; fileRef = CD26DBDA2EF7F23000175298 /* CourseListViewModel.swift */; };
		CD26DBE22EF7F23000175298 /* ExamStructureViewModel.swift in Sources */ = {isa = PBXBuildFile; fileRef = CD26DBDB2EF7F23000175298 /* ExamStructureViewModel.swift */; };
		CD26DBE32EF7F23000175298 /* OnboardingViewModel.swift in Sources */ = {isa = PBXBuildFile; fileRef = CD26DBDC2EF7F23000175298 /* OnboardingViewModel.swift */; };
		CD26DBE42EF7F23000175298 /* ScheduleViewModel.swift in Sources */ = {isa = PBXBuildFile; fileRef = CD26DBDD2EF7F23000175298 /* ScheduleViewModel.swift */; };
		CD26DBE52EF7F23000175298 /* ShareCourseViewModel.swift in Sources */ = {isa = PBXBuildFile; fileRef = CD26DBDE2EF7F23000175298 /* ShareCourseViewModel.swift */; };
		CD26DBE62EF7F23000175298 /* StudentsViewModel.swift in Sources */ = {isa = PBXBuildFile; fileRef = CD26DBDF2EF7F23000175298 /* StudentsViewModel.swift */; };
		CD26DBE82EF7F26F00175298 /* ColorExtensions.swift in Sources */ = {isa = PBXBuildFile; fileRef = CD26DBE72EF7F26F00175298 /* ColorExtensions.swift */; };
		CD26DBEA2EFB6F2800175298 /* ExamSessionEditorView.swift in Sources */ = {isa = PBXBuildFile; fileRef = CD26DBE92EFB6F2800175298 /* ExamSessionEditorView.swift */; };
		CD26DBEE2EFB6F7C00175298 /* SyncStatusView.swift in Sources */ = {isa = PBXBuildFile; fileRef = CD26DBEC2EFB6F7C00175298 /* SyncStatusView.swift */; };
		CD26DBF12EFBA3F300175298 /* AboutView.swift in Sources */ = {isa = PBXBuildFile; fileRef = CD26DBEF2EFBA3F300175298 /* AboutView.swift */; };
		CD26DBF52EFBA40300175298 /* ScheduleExportSheet.swift in Sources */ = {isa = PBXBuildFile; fileRef = CD26DBF32EFBA40300175298 /* ScheduleExportSheet.swift */; };
		CD26DBF62EFBA40300175298 /* TAListExportSheet.swift in Sources */ = {isa = PBXBuildFile; fileRef = CD26DBF42EFBA40300175298 /* TAListExportSheet.swift */; };
		CD26DBF72EFBA40300175298 /* RosterExportSheet.swift in Sources */ = {isa = PBXBuildFile; fileRef = CD26DBF22EFBA40300175298 /* RosterExportSheet.swift */; };
		CD26DBFA2EFBA4C600175298 /* CourseExport.swift in Sources */ = {isa = PBXBuildFile; fileRef = CD26DBF82EFBA4C600175298 /* CourseExport.swift */; };
		CD26DBFB2EFBA4C600175298 /* ExportOptions.swift in Sources */ = {isa = PBXBuildFile; fileRef = CD26DBF92EFBA4C600175298 /* ExportOptions.swift */; };
		CD26DBFE2EFBA8DA00175298 /* DependencyContainer.swift in Sources */ = {isa = PBXBuildFile; fileRef = CD26DBFC2EFBA8DA00175298 /* DependencyContainer.swift */; };
		CD26DC012EFBA90900175298 /* ExportCourseUseCase.swift in Sources */ = {isa = PBXBuildFile; fileRef = CD26DBFF2EFBA90900175298 /* ExportCourseUseCase.swift */; };
		CD26DC022EFBA90900175298 /* ImportCourseUseCase.swift in Sources */ = {isa = PBXBuildFile; fileRef = CD26DC002EFBA90900175298 /* ImportCourseUseCase.swift */; };
		CD26DC0D2EFBA95A00175298 /* CurrentUserService.swift in Sources */ = {isa = PBXBuildFile; fileRef = CD26DC052EFBA95A00175298 /* CurrentUserService.swift */; };
		CD26DC0F2EFBA95A00175298 /* PDFGenerator.swift in Sources */ = {isa = PBXBuildFile; fileRef = CD26DC072EFBA95A00175298 /* PDFGenerator.swift */; };
		CD26DC2D2EFD164300175298 /* CSVParser.swift in Sources */ = {isa = PBXBuildFile; fileRef = CD26DC2C2EFD164300175298 /* CSVParser.swift */; };
		CD26DC302EFD230C00175298 /* BuildInfo.swift in Sources */ = {isa = PBXBuildFile; fileRef = CD26DC2F2EFD230C00175298 /* BuildInfo.swift */; };
		CD52BCEA2EFE9A6B004E9BAA /* Clementime App.icon in Resources */ = {isa = PBXBuildFile; fileRef = CD52BCE92EFE9A6B004E9BAA /* Clementime App.icon */; };
		CD52BD042EFE9CB0004E9BAA /* clementime-app-logo.png in Resources */ = {isa = PBXBuildFile; fileRef = CD52BD032EFE9CB0004E9BAA /* clementime-app-logo.png */; };
		CD78236E2EF66C8A0083A25A /* ScheduleRepository.swift in Sources */ = {isa = PBXBuildFile; fileRef = CD78236A2EF66C8A0083A25A /* ScheduleRepository.swift */; };
		CD78236F2EF66C8A0083A25A /* RecordingRepository.swift in Sources */ = {isa = PBXBuildFile; fileRef = CD7823692EF66C8A0083A25A /* RecordingRepository.swift */; };
		CD7823702EF66C8A0083A25A /* CohortRepository.swift in Sources */ = {isa = PBXBuildFile; fileRef = CD7823652EF66C8A0083A25A /* CohortRepository.swift */; };
		CD7823712EF66C8A0083A25A /* ConstraintRepository.swift in Sources */ = {isa = PBXBuildFile; fileRef = CD7823662EF66C8A0083A25A /* ConstraintRepository.swift */; };
		CD7823722EF66C8A0083A25A /* SectionRepository.swift in Sources */ = {isa = PBXBuildFile; fileRef = CD78236B2EF66C8A0083A25A /* SectionRepository.swift */; };
		CD7823732EF66C8A0083A25A /* StudentRepository.swift in Sources */ = {isa = PBXBuildFile; fileRef = CD78236C2EF66C8A0083A25A /* StudentRepository.swift */; };
		CD7823742EF66C8A0083A25A /* ExamSessionRepository.swift in Sources */ = {isa = PBXBuildFile; fileRef = CD7823682EF66C8A0083A25A /* ExamSessionRepository.swift */; };
		CD7823752EF66C8A0083A25A /* TAUserRepository.swift in Sources */ = {isa = PBXBuildFile; fileRef = CD78236D2EF66C8A0083A25A /* TAUserRepository.swift */; };
		CD7823762EF66C8A0083A25A /* CourseRepository.swift in Sources */ = {isa = PBXBuildFile; fileRef = CD7823672EF66C8A0083A25A /* CourseRepository.swift */; };
		CD78237E2EF66C960083A25A /* ManageConstraintsUseCase.swift in Sources */ = {isa = PBXBuildFile; fileRef = CD78237B2EF66C960083A25A /* ManageConstraintsUseCase.swift */; };
		CD78237F2EF66C960083A25A /* GenerateScheduleUseCase.swift in Sources */ = {isa = PBXBuildFile; fileRef = CD78237A2EF66C960083A25A /* GenerateScheduleUseCase.swift */; };
		CD7823802EF66C960083A25A /* ShareCourseUseCase.swift in Sources */ = {isa = PBXBuildFile; fileRef = CD78237D2EF66C960083A25A /* ShareCourseUseCase.swift */; };
		CD7823812EF66C960083A25A /* AcceptShareUseCase.swift in Sources */ = {isa = PBXBuildFile; fileRef = CD7823772EF66C960083A25A /* AcceptShareUseCase.swift */; };
		CD7823822EF66C960083A25A /* ExportScheduleUseCase.swift in Sources */ = {isa = PBXBuildFile; fileRef = CD7823792EF66C960083A25A /* ExportScheduleUseCase.swift */; };
		CD7823832EF66C960083A25A /* CreateCourseUseCase.swift in Sources */ = {isa = PBXBuildFile; fileRef = CD7823782EF66C960083A25A /* CreateCourseUseCase.swift */; };
		CD7823842EF66C960083A25A /* RemoveCollaboratorUseCase.swift in Sources */ = {isa = PBXBuildFile; fileRef = CD78237C2EF66C960083A25A /* RemoveCollaboratorUseCase.swift */; };
		CD7823862EF66C9D0083A25A /* CloudKitShareManager.swift in Sources */ = {isa = PBXBuildFile; fileRef = CD7823852EF66C9D0083A25A /* CloudKitShareManager.swift */; };
		CD7823962EF66CB20083A25A /* StudentEntity+Mapping.swift in Sources */ = {isa = PBXBuildFile; fileRef = CD78238F2EF66CB20083A25A /* StudentEntity+Mapping.swift */; };
		CD7823972EF66CB20083A25A /* RecordingEntity+Mapping.swift in Sources */ = {isa = PBXBuildFile; fileRef = CD78238D2EF66CB20083A25A /* RecordingEntity+Mapping.swift */; };
		CD7823982EF66CB20083A25A /* ExamSlotHistoryEntity+Mapping.swift in Sources */ = {isa = PBXBuildFile; fileRef = CD78238C2EF66CB20083A25A /* ExamSlotHistoryEntity+Mapping.swift */; };
		CD7823992EF66CB20083A25A /* ConstraintEntity+Mapping.swift in Sources */ = {isa = PBXBuildFile; fileRef = CD7823882EF66CB20083A25A /* ConstraintEntity+Mapping.swift */; };
		CD78239A2EF66CB20083A25A /* Clementime.xcdatamodeld in Sources */ = {isa = PBXBuildFile; fileRef = CD7823922EF66CB20083A25A /* Clementime.xcdatamodeld */; };
		CD78239B2EF66CB20083A25A /* TAUserEntity+Mapping.swift in Sources */ = {isa = PBXBuildFile; fileRef = CD7823902EF66CB20083A25A /* TAUserEntity+Mapping.swift */; };
		CD78239C2EF66CB20083A25A /* CourseEntity+Mapping.swift in Sources */ = {isa = PBXBuildFile; fileRef = CD7823892EF66CB20083A25A /* CourseEntity+Mapping.swift */; };
		CD78239D2EF66CB20083A25A /* ExamSlotEntity+Mapping.swift in Sources */ = {isa = PBXBuildFile; fileRef = CD78238B2EF66CB20083A25A /* ExamSlotEntity+Mapping.swift */; };
		CD78239E2EF66CB20083A25A /* PersistenceController.swift in Sources */ = {isa = PBXBuildFile; fileRef = CD7823932EF66CB20083A25A /* PersistenceController.swift */; };
		CD78239F2EF66CB20083A25A /* CohortEntity+Mapping.swift in Sources */ = {isa = PBXBuildFile; fileRef = CD7823872EF66CB20083A25A /* CohortEntity+Mapping.swift */; };
		CD7823A02EF66CB20083A25A /* SectionEntity+Mapping.swift in Sources */ = {isa = PBXBuildFile; fileRef = CD78238E2EF66CB20083A25A /* SectionEntity+Mapping.swift */; };
		CD7823A12EF66CB20083A25A /* ExamSessionEntity+Mapping.swift in Sources */ = {isa = PBXBuildFile; fileRef = CD78238A2EF66CB20083A25A /* ExamSessionEntity+Mapping.swift */; };
		CD7823AB2EF66CC00083A25A /* CoreDataRecordingRepository.swift in Sources */ = {isa = PBXBuildFile; fileRef = CD7823A62EF66CC00083A25A /* CoreDataRecordingRepository.swift */; };
		CD7823AC2EF66CC00083A25A /* CoreDataTAUserRepository.swift in Sources */ = {isa = PBXBuildFile; fileRef = CD7823AA2EF66CC00083A25A /* CoreDataTAUserRepository.swift */; };
		CD7823AD2EF66CC00083A25A /* CoreDataSectionRepository.swift in Sources */ = {isa = PBXBuildFile; fileRef = CD7823A82EF66CC00083A25A /* CoreDataSectionRepository.swift */; };
		CD7823AE2EF66CC00083A25A /* CoreDataConstraintRepository.swift in Sources */ = {isa = PBXBuildFile; fileRef = CD7823A32EF66CC00083A25A /* CoreDataConstraintRepository.swift */; };
		CD7823AF2EF66CC00083A25A /* CoreDataCohortRepository.swift in Sources */ = {isa = PBXBuildFile; fileRef = CD7823A22EF66CC00083A25A /* CoreDataCohortRepository.swift */; };
		CD7823B02EF66CC00083A25A /* CoreDataScheduleRepository.swift in Sources */ = {isa = PBXBuildFile; fileRef = CD7823A72EF66CC00083A25A /* CoreDataScheduleRepository.swift */; };
		CD7823B12EF66CC00083A25A /* CoreDataStudentRepository.swift in Sources */ = {isa = PBXBuildFile; fileRef = CD7823A92EF66CC00083A25A /* CoreDataStudentRepository.swift */; };
		CD7823B22EF66CC00083A25A /* CoreDataCourseRepository.swift in Sources */ = {isa = PBXBuildFile; fileRef = CD7823A42EF66CC00083A25A /* CoreDataCourseRepository.swift */; };
		CD7823B32EF66CC00083A25A /* CoreDataExamSessionRepository.swift in Sources */ = {isa = PBXBuildFile; fileRef = CD7823A52EF66CC00083A25A /* CoreDataExamSessionRepository.swift */; };
		CD7823C52EF674000083A25A /* ScheduleView.swift in Sources */ = {isa = PBXBuildFile; fileRef = CD7823BF2EF674000083A25A /* ScheduleView.swift */; };
		CD7823C62EF674000083A25A /* CourseDetailView.swift in Sources */ = {isa = PBXBuildFile; fileRef = CD7823B72EF674000083A25A /* CourseDetailView.swift */; };
		CD7823C72EF674000083A25A /* ExamSessionsView.swift in Sources */ = {isa = PBXBuildFile; fileRef = CD7823BD2EF674000083A25A /* ExamSessionsView.swift */; };
		CD7823C82EF674000083A25A /* StudentsView.swift in Sources */ = {isa = PBXBuildFile; fileRef = CD7823C22EF674000083A25A /* StudentsView.swift */; };
		CD7823C92EF674000083A25A /* CourseSettingsView.swift in Sources */ = {isa = PBXBuildFile; fileRef = CD7823BB2EF674000083A25A /* CourseSettingsView.swift */; };
		CD7823CA2EF674000083A25A /* CourseBuilderView.swift in Sources */ = {isa = PBXBuildFile; fileRef = CD7823B92EF674000083A25A /* CourseBuilderView.swift */; };
		CDCFA6AB2EF6598B00F7BBD1 /* Info.plist in Resources */ = {isa = PBXBuildFile; fileRef = CDCFA69F2EF6598B00F7BBD1 /* Info.plist */; };
		CDCFA6AC2EF6598B00F7BBD1 /* Assets.xcassets in Resources */ = {isa = PBXBuildFile; fileRef = CDCFA6A02EF6598B00F7BBD1 /* Assets.xcassets */; };
		CDCFA6AD2EF6598B00F7BBD1 /* ExamSlot.swift in Sources */ = {isa = PBXBuildFile; fileRef = CDCFA68D2EF6598B00F7BBD1 /* ExamSlot.swift */; };
		CDCFA6AF2EF6598B00F7BBD1 /* ExamSlotHistory.swift in Sources */ = {isa = PBXBuildFile; fileRef = CDCFA68E2EF6598B00F7BBD1 /* ExamSlotHistory.swift */; };
		CDCFA6B02EF6598B00F7BBD1 /* Course.swift in Sources */ = {isa = PBXBuildFile; fileRef = CDCFA68B2EF6598B00F7BBD1 /* Course.swift */; };
		CDCFA6B12EF6598B00F7BBD1 /* Constraint.swift in Sources */ = {isa = PBXBuildFile; fileRef = CDCFA68A2EF6598B00F7BBD1 /* Constraint.swift */; };
		CDCFA6B22EF6598B00F7BBD1 /* Section.swift in Sources */ = {isa = PBXBuildFile; fileRef = CDCFA6902EF6598B00F7BBD1 /* Section.swift */; };
		CDCFA6B32EF6598B00F7BBD1 /* PermissionChecker.swift in Sources */ = {isa = PBXBuildFile; fileRef = CDCFA6952EF6598B00F7BBD1 /* PermissionChecker.swift */; };
		CDCFA6B42EF6598B00F7BBD1 /* Student.swift in Sources */ = {isa = PBXBuildFile; fileRef = CDCFA6912EF6598B00F7BBD1 /* Student.swift */; };
		CDCFA6B52EF6598B00F7BBD1 /* TAUser.swift in Sources */ = {isa = PBXBuildFile; fileRef = CDCFA6922EF6598B00F7BBD1 /* TAUser.swift */; };
		CDCFA6B62EF6598B00F7BBD1 /* Cohort.swift in Sources */ = {isa = PBXBuildFile; fileRef = CDCFA6892EF6598B00F7BBD1 /* Cohort.swift */; };
		CDCFA6B82EF6598B00F7BBD1 /* Recording.swift in Sources */ = {isa = PBXBuildFile; fileRef = CDCFA68F2EF6598B00F7BBD1 /* Recording.swift */; };
		CDCFA6B92EF6598B00F7BBD1 /* ContentView.swift in Sources */ = {isa = PBXBuildFile; fileRef = CDCFA6882EF6598B00F7BBD1 /* ContentView.swift */; };
		CDCFA6BA2EF6598B00F7BBD1 /* ClementimeApp.swift in Sources */ = {isa = PBXBuildFile; fileRef = CDCFA6872EF6598B00F7BBD1 /* ClementimeApp.swift */; };
		CDCFA6BB2EF6598B00F7BBD1 /* ExamSession.swift in Sources */ = {isa = PBXBuildFile; fileRef = CDCFA68C2EF6598B00F7BBD1 /* ExamSession.swift */; };
		D02D87CB09F2F0A306CB8C7D /* SectionsView.swift in Sources */ = {isa = PBXBuildFile; fileRef = 230DF7EBEBD3132EA3B3563F /* SectionsView.swift */; };
/* End PBXBuildFile section */

/* Begin PBXContainerItemProxy section */
		CDCFA66B2EF6594C00F7BBD1 /* PBXContainerItemProxy */ = {
			isa = PBXContainerItemProxy;
			containerPortal = CDCFA6502EF6594B00F7BBD1 /* Project object */;
			proxyType = 1;
			remoteGlobalIDString = CDCFA6572EF6594B00F7BBD1;
			remoteInfo = Clementime;
		};
		CDCFA6752EF6594C00F7BBD1 /* PBXContainerItemProxy */ = {
			isa = PBXContainerItemProxy;
			containerPortal = CDCFA6502EF6594B00F7BBD1 /* Project object */;
			proxyType = 1;
			remoteGlobalIDString = CDCFA6572EF6594B00F7BBD1;
			remoteInfo = Clementime;
		};
/* End PBXContainerItemProxy section */

/* Begin PBXFileReference section */
		230DF7EBEBD3132EA3B3563F /* SectionsView.swift */ = {isa = PBXFileReference; lastKnownFileType = sourcecode.swift; path = SectionsView.swift; sourceTree = "<group>"; };
		758B62CBB633544378819392 /* SectionEditorView.swift */ = {isa = PBXFileReference; lastKnownFileType = sourcecode.swift; path = SectionEditorView.swift; sourceTree = "<group>"; };
		CD26DBB52EF7361600175298 /* CenteredDisclosureStyle.swift */ = {isa = PBXFileReference; lastKnownFileType = sourcecode.swift; path = CenteredDisclosureStyle.swift; sourceTree = "<group>"; };
		CD26DBD02EF7F1E900175298 /* SectionDashboardView.swift */ = {isa = PBXFileReference; lastKnownFileType = sourcecode.swift; path = SectionDashboardView.swift; sourceTree = "<group>"; };
		CD26DBD22EF7F20C00175298 /* ExamStructureCanvasView.swift */ = {isa = PBXFileReference; lastKnownFileType = sourcecode.swift; path = ExamStructureCanvasView.swift; sourceTree = "<group>"; };
		CD26DBD32EF7F20C00175298 /* ExamStructureModels.swift */ = {isa = PBXFileReference; lastKnownFileType = sourcecode.swift; path = ExamStructureModels.swift; sourceTree = "<group>"; };
		CD26DBD42EF7F20C00175298 /* NodeAttributesEditor.swift */ = {isa = PBXFileReference; lastKnownFileType = sourcecode.swift; path = NodeAttributesEditor.swift; sourceTree = "<group>"; };
		CD26DBD92EF7F23000175298 /* CourseBuilderViewModel.swift */ = {isa = PBXFileReference; lastKnownFileType = sourcecode.swift; path = CourseBuilderViewModel.swift; sourceTree = "<group>"; };
		CD26DBDA2EF7F23000175298 /* CourseListViewModel.swift */ = {isa = PBXFileReference; lastKnownFileType = sourcecode.swift; path = CourseListViewModel.swift; sourceTree = "<group>"; };
		CD26DBDB2EF7F23000175298 /* ExamStructureViewModel.swift */ = {isa = PBXFileReference; lastKnownFileType = sourcecode.swift; path = ExamStructureViewModel.swift; sourceTree = "<group>"; };
		CD26DBDC2EF7F23000175298 /* OnboardingViewModel.swift */ = {isa = PBXFileReference; lastKnownFileType = sourcecode.swift; path = OnboardingViewModel.swift; sourceTree = "<group>"; };
		CD26DBDD2EF7F23000175298 /* ScheduleViewModel.swift */ = {isa = PBXFileReference; lastKnownFileType = sourcecode.swift; path = ScheduleViewModel.swift; sourceTree = "<group>"; };
		CD26DBDE2EF7F23000175298 /* ShareCourseViewModel.swift */ = {isa = PBXFileReference; lastKnownFileType = sourcecode.swift; path = ShareCourseViewModel.swift; sourceTree = "<group>"; };
		CD26DBDF2EF7F23000175298 /* StudentsViewModel.swift */ = {isa = PBXFileReference; lastKnownFileType = sourcecode.swift; path = StudentsViewModel.swift; sourceTree = "<group>"; };
		CD26DBE72EF7F26F00175298 /* ColorExtensions.swift */ = {isa = PBXFileReference; lastKnownFileType = sourcecode.swift; path = ColorExtensions.swift; sourceTree = "<group>"; };
		CD26DBE92EFB6F2800175298 /* ExamSessionEditorView.swift */ = {isa = PBXFileReference; lastKnownFileType = sourcecode.swift; path = ExamSessionEditorView.swift; sourceTree = "<group>"; };
		CD26DBEC2EFB6F7C00175298 /* SyncStatusView.swift */ = {isa = PBXFileReference; lastKnownFileType = sourcecode.swift; path = SyncStatusView.swift; sourceTree = "<group>"; };
		CD26DBEF2EFBA3F300175298 /* AboutView.swift */ = {isa = PBXFileReference; lastKnownFileType = sourcecode.swift; path = AboutView.swift; sourceTree = "<group>"; };
		CD26DBF22EFBA40300175298 /* RosterExportSheet.swift */ = {isa = PBXFileReference; lastKnownFileType = sourcecode.swift; path = RosterExportSheet.swift; sourceTree = "<group>"; };
		CD26DBF32EFBA40300175298 /* ScheduleExportSheet.swift */ = {isa = PBXFileReference; lastKnownFileType = sourcecode.swift; path = ScheduleExportSheet.swift; sourceTree = "<group>"; };
		CD26DBF42EFBA40300175298 /* TAListExportSheet.swift */ = {isa = PBXFileReference; lastKnownFileType = sourcecode.swift; path = TAListExportSheet.swift; sourceTree = "<group>"; };
		CD26DBF82EFBA4C600175298 /* CourseExport.swift */ = {isa = PBXFileReference; lastKnownFileType = sourcecode.swift; path = CourseExport.swift; sourceTree = "<group>"; };
		CD26DBF92EFBA4C600175298 /* ExportOptions.swift */ = {isa = PBXFileReference; lastKnownFileType = sourcecode.swift; path = ExportOptions.swift; sourceTree = "<group>"; };
		CD26DBFC2EFBA8DA00175298 /* DependencyContainer.swift */ = {isa = PBXFileReference; lastKnownFileType = sourcecode.swift; path = DependencyContainer.swift; sourceTree = "<group>"; };
		CD26DBFF2EFBA90900175298 /* ExportCourseUseCase.swift */ = {isa = PBXFileReference; lastKnownFileType = sourcecode.swift; path = ExportCourseUseCase.swift; sourceTree = "<group>"; };
		CD26DC002EFBA90900175298 /* ImportCourseUseCase.swift */ = {isa = PBXFileReference; lastKnownFileType = sourcecode.swift; path = ImportCourseUseCase.swift; sourceTree = "<group>"; };
		CD26DC052EFBA95A00175298 /* CurrentUserService.swift */ = {isa = PBXFileReference; lastKnownFileType = sourcecode.swift; path = CurrentUserService.swift; sourceTree = "<group>"; };
		CD26DC072EFBA95A00175298 /* PDFGenerator.swift */ = {isa = PBXFileReference; lastKnownFileType = sourcecode.swift; path = PDFGenerator.swift; sourceTree = "<group>"; };
		CD26DC2C2EFD164300175298 /* CSVParser.swift */ = {isa = PBXFileReference; lastKnownFileType = sourcecode.swift; path = CSVParser.swift; sourceTree = "<group>"; };
		CD26DC2F2EFD230C00175298 /* BuildInfo.swift */ = {isa = PBXFileReference; lastKnownFileType = sourcecode.swift; path = BuildInfo.swift; sourceTree = "<group>"; };
		CD52BCE92EFE9A6B004E9BAA /* Clementime App.icon */ = {isa = PBXFileReference; lastKnownFileType = folder.iconcomposer.icon; path = "Clementime App.icon"; sourceTree = "<group>"; };
		CD52BD032EFE9CB0004E9BAA /* clementime-app-logo.png */ = {isa = PBXFileReference; lastKnownFileType = image.png; path = "clementime-app-logo.png"; sourceTree = "<group>"; };
		CD7823652EF66C8A0083A25A /* CohortRepository.swift */ = {isa = PBXFileReference; lastKnownFileType = sourcecode.swift; path = CohortRepository.swift; sourceTree = "<group>"; };
		CD7823662EF66C8A0083A25A /* ConstraintRepository.swift */ = {isa = PBXFileReference; lastKnownFileType = sourcecode.swift; path = ConstraintRepository.swift; sourceTree = "<group>"; };
		CD7823672EF66C8A0083A25A /* CourseRepository.swift */ = {isa = PBXFileReference; lastKnownFileType = sourcecode.swift; path = CourseRepository.swift; sourceTree = "<group>"; };
		CD7823682EF66C8A0083A25A /* ExamSessionRepository.swift */ = {isa = PBXFileReference; lastKnownFileType = sourcecode.swift; path = ExamSessionRepository.swift; sourceTree = "<group>"; };
		CD7823692EF66C8A0083A25A /* RecordingRepository.swift */ = {isa = PBXFileReference; lastKnownFileType = sourcecode.swift; path = RecordingRepository.swift; sourceTree = "<group>"; };
		CD78236A2EF66C8A0083A25A /* ScheduleRepository.swift */ = {isa = PBXFileReference; lastKnownFileType = sourcecode.swift; path = ScheduleRepository.swift; sourceTree = "<group>"; };
		CD78236B2EF66C8A0083A25A /* SectionRepository.swift */ = {isa = PBXFileReference; lastKnownFileType = sourcecode.swift; path = SectionRepository.swift; sourceTree = "<group>"; };
		CD78236C2EF66C8A0083A25A /* StudentRepository.swift */ = {isa = PBXFileReference; lastKnownFileType = sourcecode.swift; path = StudentRepository.swift; sourceTree = "<group>"; };
		CD78236D2EF66C8A0083A25A /* TAUserRepository.swift */ = {isa = PBXFileReference; lastKnownFileType = sourcecode.swift; path = TAUserRepository.swift; sourceTree = "<group>"; };
		CD7823772EF66C960083A25A /* AcceptShareUseCase.swift */ = {isa = PBXFileReference; lastKnownFileType = sourcecode.swift; path = AcceptShareUseCase.swift; sourceTree = "<group>"; };
		CD7823782EF66C960083A25A /* CreateCourseUseCase.swift */ = {isa = PBXFileReference; lastKnownFileType = sourcecode.swift; path = CreateCourseUseCase.swift; sourceTree = "<group>"; };
		CD7823792EF66C960083A25A /* ExportScheduleUseCase.swift */ = {isa = PBXFileReference; lastKnownFileType = sourcecode.swift; path = ExportScheduleUseCase.swift; sourceTree = "<group>"; };
		CD78237A2EF66C960083A25A /* GenerateScheduleUseCase.swift */ = {isa = PBXFileReference; lastKnownFileType = sourcecode.swift; path = GenerateScheduleUseCase.swift; sourceTree = "<group>"; };
		CD78237B2EF66C960083A25A /* ManageConstraintsUseCase.swift */ = {isa = PBXFileReference; lastKnownFileType = sourcecode.swift; path = ManageConstraintsUseCase.swift; sourceTree = "<group>"; };
		CD78237C2EF66C960083A25A /* RemoveCollaboratorUseCase.swift */ = {isa = PBXFileReference; lastKnownFileType = sourcecode.swift; path = RemoveCollaboratorUseCase.swift; sourceTree = "<group>"; };
		CD78237D2EF66C960083A25A /* ShareCourseUseCase.swift */ = {isa = PBXFileReference; lastKnownFileType = sourcecode.swift; path = ShareCourseUseCase.swift; sourceTree = "<group>"; };
		CD7823852EF66C9D0083A25A /* CloudKitShareManager.swift */ = {isa = PBXFileReference; lastKnownFileType = sourcecode.swift; path = CloudKitShareManager.swift; sourceTree = "<group>"; };
		CD7823872EF66CB20083A25A /* CohortEntity+Mapping.swift */ = {isa = PBXFileReference; lastKnownFileType = sourcecode.swift; path = "CohortEntity+Mapping.swift"; sourceTree = "<group>"; };
		CD7823882EF66CB20083A25A /* ConstraintEntity+Mapping.swift */ = {isa = PBXFileReference; lastKnownFileType = sourcecode.swift; path = "ConstraintEntity+Mapping.swift"; sourceTree = "<group>"; };
		CD7823892EF66CB20083A25A /* CourseEntity+Mapping.swift */ = {isa = PBXFileReference; lastKnownFileType = sourcecode.swift; path = "CourseEntity+Mapping.swift"; sourceTree = "<group>"; };
		CD78238A2EF66CB20083A25A /* ExamSessionEntity+Mapping.swift */ = {isa = PBXFileReference; lastKnownFileType = sourcecode.swift; path = "ExamSessionEntity+Mapping.swift"; sourceTree = "<group>"; };
		CD78238B2EF66CB20083A25A /* ExamSlotEntity+Mapping.swift */ = {isa = PBXFileReference; lastKnownFileType = sourcecode.swift; path = "ExamSlotEntity+Mapping.swift"; sourceTree = "<group>"; };
		CD78238C2EF66CB20083A25A /* ExamSlotHistoryEntity+Mapping.swift */ = {isa = PBXFileReference; lastKnownFileType = sourcecode.swift; path = "ExamSlotHistoryEntity+Mapping.swift"; sourceTree = "<group>"; };
		CD78238D2EF66CB20083A25A /* RecordingEntity+Mapping.swift */ = {isa = PBXFileReference; lastKnownFileType = sourcecode.swift; path = "RecordingEntity+Mapping.swift"; sourceTree = "<group>"; };
		CD78238E2EF66CB20083A25A /* SectionEntity+Mapping.swift */ = {isa = PBXFileReference; lastKnownFileType = sourcecode.swift; path = "SectionEntity+Mapping.swift"; sourceTree = "<group>"; };
		CD78238F2EF66CB20083A25A /* StudentEntity+Mapping.swift */ = {isa = PBXFileReference; lastKnownFileType = sourcecode.swift; path = "StudentEntity+Mapping.swift"; sourceTree = "<group>"; };
		CD7823902EF66CB20083A25A /* TAUserEntity+Mapping.swift */ = {isa = PBXFileReference; lastKnownFileType = sourcecode.swift; path = "TAUserEntity+Mapping.swift"; sourceTree = "<group>"; };
		CD7823932EF66CB20083A25A /* PersistenceController.swift */ = {isa = PBXFileReference; lastKnownFileType = sourcecode.swift; path = PersistenceController.swift; sourceTree = "<group>"; };
		CD7823952EF66CB20083A25A /* Clementime.xcdatamodel */ = {isa = PBXFileReference; lastKnownFileType = wrapper.xcdatamodel; path = Clementime.xcdatamodel; sourceTree = "<group>"; };
		CD7823A22EF66CC00083A25A /* CoreDataCohortRepository.swift */ = {isa = PBXFileReference; lastKnownFileType = sourcecode.swift; path = CoreDataCohortRepository.swift; sourceTree = "<group>"; };
		CD7823A32EF66CC00083A25A /* CoreDataConstraintRepository.swift */ = {isa = PBXFileReference; lastKnownFileType = sourcecode.swift; path = CoreDataConstraintRepository.swift; sourceTree = "<group>"; };
		CD7823A42EF66CC00083A25A /* CoreDataCourseRepository.swift */ = {isa = PBXFileReference; lastKnownFileType = sourcecode.swift; path = CoreDataCourseRepository.swift; sourceTree = "<group>"; };
		CD7823A52EF66CC00083A25A /* CoreDataExamSessionRepository.swift */ = {isa = PBXFileReference; lastKnownFileType = sourcecode.swift; path = CoreDataExamSessionRepository.swift; sourceTree = "<group>"; };
		CD7823A62EF66CC00083A25A /* CoreDataRecordingRepository.swift */ = {isa = PBXFileReference; lastKnownFileType = sourcecode.swift; path = CoreDataRecordingRepository.swift; sourceTree = "<group>"; };
		CD7823A72EF66CC00083A25A /* CoreDataScheduleRepository.swift */ = {isa = PBXFileReference; lastKnownFileType = sourcecode.swift; path = CoreDataScheduleRepository.swift; sourceTree = "<group>"; };
		CD7823A82EF66CC00083A25A /* CoreDataSectionRepository.swift */ = {isa = PBXFileReference; lastKnownFileType = sourcecode.swift; path = CoreDataSectionRepository.swift; sourceTree = "<group>"; };
		CD7823A92EF66CC00083A25A /* CoreDataStudentRepository.swift */ = {isa = PBXFileReference; lastKnownFileType = sourcecode.swift; path = CoreDataStudentRepository.swift; sourceTree = "<group>"; };
		CD7823AA2EF66CC00083A25A /* CoreDataTAUserRepository.swift */ = {isa = PBXFileReference; lastKnownFileType = sourcecode.swift; path = CoreDataTAUserRepository.swift; sourceTree = "<group>"; };
		CD7823B72EF674000083A25A /* CourseDetailView.swift */ = {isa = PBXFileReference; lastKnownFileType = sourcecode.swift; path = CourseDetailView.swift; sourceTree = "<group>"; };
		CD7823B92EF674000083A25A /* CourseBuilderView.swift */ = {isa = PBXFileReference; lastKnownFileType = sourcecode.swift; path = CourseBuilderView.swift; sourceTree = "<group>"; };
		CD7823BB2EF674000083A25A /* CourseSettingsView.swift */ = {isa = PBXFileReference; lastKnownFileType = sourcecode.swift; path = CourseSettingsView.swift; sourceTree = "<group>"; };
		CD7823BD2EF674000083A25A /* ExamSessionsView.swift */ = {isa = PBXFileReference; lastKnownFileType = sourcecode.swift; path = ExamSessionsView.swift; sourceTree = "<group>"; };
		CD7823BF2EF674000083A25A /* ScheduleView.swift */ = {isa = PBXFileReference; lastKnownFileType = sourcecode.swift; path = ScheduleView.swift; sourceTree = "<group>"; };
		CD7823C22EF674000083A25A /* StudentsView.swift */ = {isa = PBXFileReference; lastKnownFileType = sourcecode.swift; path = StudentsView.swift; sourceTree = "<group>"; };
		CDCFA6582EF6594B00F7BBD1 /* Clementime.app */ = {isa = PBXFileReference; explicitFileType = wrapper.application; includeInIndex = 0; path = Clementime.app; sourceTree = BUILT_PRODUCTS_DIR; };
		CDCFA66A2EF6594C00F7BBD1 /* ClementimeTests.xctest */ = {isa = PBXFileReference; explicitFileType = wrapper.cfbundle; includeInIndex = 0; path = ClementimeTests.xctest; sourceTree = BUILT_PRODUCTS_DIR; };
		CDCFA6742EF6594C00F7BBD1 /* ClementimeUITests.xctest */ = {isa = PBXFileReference; explicitFileType = wrapper.cfbundle; includeInIndex = 0; path = ClementimeUITests.xctest; sourceTree = BUILT_PRODUCTS_DIR; };
		CDCFA6872EF6598B00F7BBD1 /* ClementimeApp.swift */ = {isa = PBXFileReference; lastKnownFileType = sourcecode.swift; path = ClementimeApp.swift; sourceTree = "<group>"; };
		CDCFA6882EF6598B00F7BBD1 /* ContentView.swift */ = {isa = PBXFileReference; lastKnownFileType = sourcecode.swift; path = ContentView.swift; sourceTree = "<group>"; };
		CDCFA6892EF6598B00F7BBD1 /* Cohort.swift */ = {isa = PBXFileReference; lastKnownFileType = sourcecode.swift; path = Cohort.swift; sourceTree = "<group>"; };
		CDCFA68A2EF6598B00F7BBD1 /* Constraint.swift */ = {isa = PBXFileReference; lastKnownFileType = sourcecode.swift; path = Constraint.swift; sourceTree = "<group>"; };
		CDCFA68B2EF6598B00F7BBD1 /* Course.swift */ = {isa = PBXFileReference; lastKnownFileType = sourcecode.swift; path = Course.swift; sourceTree = "<group>"; };
		CDCFA68C2EF6598B00F7BBD1 /* ExamSession.swift */ = {isa = PBXFileReference; lastKnownFileType = sourcecode.swift; path = ExamSession.swift; sourceTree = "<group>"; };
		CDCFA68D2EF6598B00F7BBD1 /* ExamSlot.swift */ = {isa = PBXFileReference; lastKnownFileType = sourcecode.swift; path = ExamSlot.swift; sourceTree = "<group>"; };
		CDCFA68E2EF6598B00F7BBD1 /* ExamSlotHistory.swift */ = {isa = PBXFileReference; lastKnownFileType = sourcecode.swift; path = ExamSlotHistory.swift; sourceTree = "<group>"; };
		CDCFA68F2EF6598B00F7BBD1 /* Recording.swift */ = {isa = PBXFileReference; lastKnownFileType = sourcecode.swift; path = Recording.swift; sourceTree = "<group>"; };
		CDCFA6902EF6598B00F7BBD1 /* Section.swift */ = {isa = PBXFileReference; lastKnownFileType = sourcecode.swift; path = Section.swift; sourceTree = "<group>"; };
		CDCFA6912EF6598B00F7BBD1 /* Student.swift */ = {isa = PBXFileReference; lastKnownFileType = sourcecode.swift; path = Student.swift; sourceTree = "<group>"; };
		CDCFA6922EF6598B00F7BBD1 /* TAUser.swift */ = {isa = PBXFileReference; lastKnownFileType = sourcecode.swift; path = TAUser.swift; sourceTree = "<group>"; };
		CDCFA6952EF6598B00F7BBD1 /* PermissionChecker.swift */ = {isa = PBXFileReference; lastKnownFileType = sourcecode.swift; path = PermissionChecker.swift; sourceTree = "<group>"; };
		CDCFA69F2EF6598B00F7BBD1 /* Info.plist */ = {isa = PBXFileReference; lastKnownFileType = text.plist.xml; path = Info.plist; sourceTree = "<group>"; };
		CDCFA6A02EF6598B00F7BBD1 /* Assets.xcassets */ = {isa = PBXFileReference; lastKnownFileType = folder.assetcatalog; path = Assets.xcassets; sourceTree = "<group>"; };
		D4B04414B426E6BCD4B817DE /* CourseOnboardingFlow.swift */ = {isa = PBXFileReference; lastKnownFileType = sourcecode.swift; path = CourseOnboardingFlow.swift; sourceTree = "<group>"; };
/* End PBXFileReference section */

/* Begin PBXFileSystemSynchronizedRootGroup section */
		CDCFA66D2EF6594C00F7BBD1 /* ClementimeTests */ = {
			isa = PBXFileSystemSynchronizedRootGroup;
			path = ClementimeTests;
			sourceTree = "<group>";
		};
		CDCFA6772EF6594C00F7BBD1 /* ClementimeUITests */ = {
			isa = PBXFileSystemSynchronizedRootGroup;
			path = ClementimeUITests;
			sourceTree = "<group>";
		};
/* End PBXFileSystemSynchronizedRootGroup section */

/* Begin PBXFrameworksBuildPhase section */
		CDCFA6552EF6594B00F7BBD1 /* Frameworks */ = {
			isa = PBXFrameworksBuildPhase;
			buildActionMask = 2147483647;
			files = (
			);
			runOnlyForDeploymentPostprocessing = 0;
		};
		CDCFA6672EF6594C00F7BBD1 /* Frameworks */ = {
			isa = PBXFrameworksBuildPhase;
			buildActionMask = 2147483647;
			files = (
			);
			runOnlyForDeploymentPostprocessing = 0;
		};
		CDCFA6712EF6594C00F7BBD1 /* Frameworks */ = {
			isa = PBXFrameworksBuildPhase;
			buildActionMask = 2147483647;
			files = (
			);
			runOnlyForDeploymentPostprocessing = 0;
		};
/* End PBXFrameworksBuildPhase section */

/* Begin PBXGroup section */
		9385066BC976017EAABACF96 /* Onboarding */ = {
			isa = PBXGroup;
			children = (
				D4B04414B426E6BCD4B817DE /* CourseOnboardingFlow.swift */,
			);
			path = Onboarding;
			sourceTree = "<group>";
		};
		B43DEC72EA8247804A0E6898 /* Sections */ = {
			isa = PBXGroup;
			children = (
				230DF7EBEBD3132EA3B3563F /* SectionsView.swift */,
				758B62CBB633544378819392 /* SectionEditorView.swift */,
				CD26DBD02EF7F1E900175298 /* SectionDashboardView.swift */,
			);
			path = Sections;
			sourceTree = "<group>";
		};
		CD26DBD52EF7F20C00175298 /* ExamStructure */ = {
			isa = PBXGroup;
			children = (
				CD26DBD22EF7F20C00175298 /* ExamStructureCanvasView.swift */,
				CD26DBD32EF7F20C00175298 /* ExamStructureModels.swift */,
				CD26DBD42EF7F20C00175298 /* NodeAttributesEditor.swift */,
			);
			path = ExamStructure;
			sourceTree = "<group>";
		};
		CD26DBED2EFB6F7C00175298 /* Components */ = {
			isa = PBXGroup;
			children = (
				CD26DBF22EFBA40300175298 /* RosterExportSheet.swift */,
				CD26DBF32EFBA40300175298 /* ScheduleExportSheet.swift */,
				CD26DBEC2EFB6F7C00175298 /* SyncStatusView.swift */,
				CD26DBF42EFBA40300175298 /* TAListExportSheet.swift */,
			);
			path = Components;
			sourceTree = "<group>";
		};
		CD26DBF02EFBA3F300175298 /* About */ = {
			isa = PBXGroup;
			children = (
				CD26DBEF2EFBA3F300175298 /* AboutView.swift */,
			);
			path = About;
			sourceTree = "<group>";
		};
		CD26DBFD2EFBA8DA00175298 /* DI */ = {
			isa = PBXGroup;
			children = (
				CD26DBFC2EFBA8DA00175298 /* DependencyContainer.swift */,
			);
			path = DI;
			sourceTree = "<group>";
		};
		CD26DC0B2EFBA95A00175298 /* Services */ = {
			isa = PBXGroup;
			children = (
				CD26DC052EFBA95A00175298 /* CurrentUserService.swift */,
				CD26DC072EFBA95A00175298 /* PDFGenerator.swift */,
				CD26DC2C2EFD164300175298 /* CSVParser.swift */,
			);
			path = Services;
			sourceTree = "<group>";
		};
		CD7823912EF66CB20083A25A /* Mappers */ = {
			isa = PBXGroup;
			children = (
				CD7823872EF66CB20083A25A /* CohortEntity+Mapping.swift */,
				CD7823882EF66CB20083A25A /* ConstraintEntity+Mapping.swift */,
				CD7823892EF66CB20083A25A /* CourseEntity+Mapping.swift */,
				CD78238A2EF66CB20083A25A /* ExamSessionEntity+Mapping.swift */,
				CD78238B2EF66CB20083A25A /* ExamSlotEntity+Mapping.swift */,
				CD78238C2EF66CB20083A25A /* ExamSlotHistoryEntity+Mapping.swift */,
				CD78238D2EF66CB20083A25A /* RecordingEntity+Mapping.swift */,
				CD78238E2EF66CB20083A25A /* SectionEntity+Mapping.swift */,
				CD78238F2EF66CB20083A25A /* StudentEntity+Mapping.swift */,
				CD7823902EF66CB20083A25A /* TAUserEntity+Mapping.swift */,
			);
			path = Mappers;
			sourceTree = "<group>";
		};
		CD7823942EF66CB20083A25A /* CoreData */ = {
			isa = PBXGroup;
			children = (
				CD7823912EF66CB20083A25A /* Mappers */,
				CD7823922EF66CB20083A25A /* Clementime.xcdatamodeld */,
				CD7823932EF66CB20083A25A /* PersistenceController.swift */,
			);
			path = CoreData;
			sourceTree = "<group>";
		};
		CD7823B62EF674000083A25A /* Common */ = {
			isa = PBXGroup;
			children = (
				CD26DBB52EF7361600175298 /* CenteredDisclosureStyle.swift */,
			);
			path = Common;
			sourceTree = "<group>";
		};
		CD7823B82EF674000083A25A /* Course */ = {
			isa = PBXGroup;
			children = (
				CD7823B72EF674000083A25A /* CourseDetailView.swift */,
			);
			path = Course;
			sourceTree = "<group>";
		};
		CD7823BA2EF674000083A25A /* CourseBuilder */ = {
			isa = PBXGroup;
			children = (
				CD7823B92EF674000083A25A /* CourseBuilderView.swift */,
			);
			path = CourseBuilder;
			sourceTree = "<group>";
		};
		CD7823BC2EF674000083A25A /* CourseSettings */ = {
			isa = PBXGroup;
			children = (
				CD7823BB2EF674000083A25A /* CourseSettingsView.swift */,
			);
			path = CourseSettings;
			sourceTree = "<group>";
		};
		CD7823BE2EF674000083A25A /* ExamSessions */ = {
			isa = PBXGroup;
			children = (
				CD26DBE92EFB6F2800175298 /* ExamSessionEditorView.swift */,
				CD7823BD2EF674000083A25A /* ExamSessionsView.swift */,
			);
			path = ExamSessions;
			sourceTree = "<group>";
		};
		CD7823C02EF674000083A25A /* Schedule */ = {
			isa = PBXGroup;
			children = (
				CD7823BF2EF674000083A25A /* ScheduleView.swift */,
			);
			path = Schedule;
			sourceTree = "<group>";
		};
		CD7823C12EF674000083A25A /* Settings */ = {
			isa = PBXGroup;
			children = (
			);
			path = Settings;
			sourceTree = "<group>";
		};
		CD7823C32EF674000083A25A /* Students */ = {
			isa = PBXGroup;
			children = (
				CD7823C22EF674000083A25A /* StudentsView.swift */,
			);
			path = Students;
			sourceTree = "<group>";
		};
		CD7823C42EF674000083A25A /* Views */ = {
			isa = PBXGroup;
			children = (
				CD26DBF02EFBA3F300175298 /* About */,
				CD7823B62EF674000083A25A /* Common */,
				CD26DBED2EFB6F7C00175298 /* Components */,
				CD7823B82EF674000083A25A /* Course */,
				CD7823BA2EF674000083A25A /* CourseBuilder */,
				CD7823BC2EF674000083A25A /* CourseSettings */,
				CD7823BE2EF674000083A25A /* ExamSessions */,
				CD26DBD52EF7F20C00175298 /* ExamStructure */,
				9385066BC976017EAABACF96 /* Onboarding */,
				CD7823C02EF674000083A25A /* Schedule */,
				B43DEC72EA8247804A0E6898 /* Sections */,
				CD7823C12EF674000083A25A /* Settings */,
				CD7823C32EF674000083A25A /* Students */,
			);
			path = Views;
			sourceTree = "<group>";
		};
		CDCFA64F2EF6594B00F7BBD1 = {
			isa = PBXGroup;
			children = (
				CDCFA6AA2EF6598B00F7BBD1 /* Clementime */,
				CDCFA66D2EF6594C00F7BBD1 /* ClementimeTests */,
				CDCFA6772EF6594C00F7BBD1 /* ClementimeUITests */,
				CDCFA6592EF6594B00F7BBD1 /* Products */,
				CD52BCE92EFE9A6B004E9BAA /* Clementime App.icon */,
				CD52BD032EFE9CB0004E9BAA /* clementime-app-logo.png */,
			);
			sourceTree = "<group>";
		};
		CDCFA6592EF6594B00F7BBD1 /* Products */ = {
			isa = PBXGroup;
			children = (
				CDCFA6582EF6594B00F7BBD1 /* Clementime.app */,
				CDCFA66A2EF6594C00F7BBD1 /* ClementimeTests.xctest */,
				CDCFA6742EF6594C00F7BBD1 /* ClementimeUITests.xctest */,
			);
			name = Products;
			sourceTree = "<group>";
		};
		CDCFA6932EF6598B00F7BBD1 /* Entities */ = {
			isa = PBXGroup;
			children = (
				CDCFA6892EF6598B00F7BBD1 /* Cohort.swift */,
				CD26DBE72EF7F26F00175298 /* ColorExtensions.swift */,
				CDCFA68A2EF6598B00F7BBD1 /* Constraint.swift */,
				CDCFA68B2EF6598B00F7BBD1 /* Course.swift */,
				CD26DBF82EFBA4C600175298 /* CourseExport.swift */,
				CDCFA68C2EF6598B00F7BBD1 /* ExamSession.swift */,
				CDCFA68D2EF6598B00F7BBD1 /* ExamSlot.swift */,
				CDCFA68E2EF6598B00F7BBD1 /* ExamSlotHistory.swift */,
				CD26DBF92EFBA4C600175298 /* ExportOptions.swift */,
				CDCFA68F2EF6598B00F7BBD1 /* Recording.swift */,
				CDCFA6902EF6598B00F7BBD1 /* Section.swift */,
				CDCFA6912EF6598B00F7BBD1 /* Student.swift */,
				CDCFA6922EF6598B00F7BBD1 /* TAUser.swift */,
			);
			path = Entities;
			sourceTree = "<group>";
		};
		CDCFA6942EF6598B00F7BBD1 /* Repositories */ = {
			isa = PBXGroup;
			children = (
				CD7823652EF66C8A0083A25A /* CohortRepository.swift */,
				CD7823662EF66C8A0083A25A /* ConstraintRepository.swift */,
				CD7823672EF66C8A0083A25A /* CourseRepository.swift */,
				CD7823682EF66C8A0083A25A /* ExamSessionRepository.swift */,
				CD7823692EF66C8A0083A25A /* RecordingRepository.swift */,
				CD78236A2EF66C8A0083A25A /* ScheduleRepository.swift */,
				CD78236B2EF66C8A0083A25A /* SectionRepository.swift */,
				CD78236C2EF66C8A0083A25A /* StudentRepository.swift */,
				CD78236D2EF66C8A0083A25A /* TAUserRepository.swift */,
			);
			path = Repositories;
			sourceTree = "<group>";
		};
		CDCFA6962EF6598B00F7BBD1 /* Services */ = {
			isa = PBXGroup;
			children = (
				CDCFA6952EF6598B00F7BBD1 /* PermissionChecker.swift */,
			);
			path = Services;
			sourceTree = "<group>";
		};
		CDCFA6972EF6598B00F7BBD1 /* UseCases */ = {
			isa = PBXGroup;
			children = (
				CD7823772EF66C960083A25A /* AcceptShareUseCase.swift */,
				CD7823782EF66C960083A25A /* CreateCourseUseCase.swift */,
				CD26DBFF2EFBA90900175298 /* ExportCourseUseCase.swift */,
				CD7823792EF66C960083A25A /* ExportScheduleUseCase.swift */,
				CD78237A2EF66C960083A25A /* GenerateScheduleUseCase.swift */,
				CD26DC002EFBA90900175298 /* ImportCourseUseCase.swift */,
				CD78237B2EF66C960083A25A /* ManageConstraintsUseCase.swift */,
				CD78237C2EF66C960083A25A /* RemoveCollaboratorUseCase.swift */,
				CD78237D2EF66C960083A25A /* ShareCourseUseCase.swift */,
			);
			path = UseCases;
			sourceTree = "<group>";
		};
		CDCFA6982EF6598B00F7BBD1 /* Domain */ = {
			isa = PBXGroup;
			children = (
				CDCFA6932EF6598B00F7BBD1 /* Entities */,
				CDCFA6942EF6598B00F7BBD1 /* Repositories */,
				CDCFA6962EF6598B00F7BBD1 /* Services */,
				CDCFA6972EF6598B00F7BBD1 /* UseCases */,
			);
			path = Domain;
			sourceTree = "<group>";
		};
		CDCFA6992EF6598B00F7BBD1 /* Core */ = {
			isa = PBXGroup;
			children = (
				CD26DC2F2EFD230C00175298 /* BuildInfo.swift */,
				CDCFA6982EF6598B00F7BBD1 /* Domain */,
				CD26DBFD2EFBA8DA00175298 /* DI */,
				CD26DC0B2EFBA95A00175298 /* Services */,
			);
			path = Core;
			sourceTree = "<group>";
		};
		CDCFA69A2EF6598B00F7BBD1 /* CloudKit */ = {
			isa = PBXGroup;
			children = (
				CD7823852EF66C9D0083A25A /* CloudKitShareManager.swift */,
			);
			path = CloudKit;
			sourceTree = "<group>";
		};
		CDCFA69D2EF6598B00F7BBD1 /* Repositories */ = {
			isa = PBXGroup;
			children = (
				CD7823A22EF66CC00083A25A /* CoreDataCohortRepository.swift */,
				CD7823A32EF66CC00083A25A /* CoreDataConstraintRepository.swift */,
				CD7823A42EF66CC00083A25A /* CoreDataCourseRepository.swift */,
				CD7823A52EF66CC00083A25A /* CoreDataExamSessionRepository.swift */,
				CD7823A62EF66CC00083A25A /* CoreDataRecordingRepository.swift */,
				CD7823A72EF66CC00083A25A /* CoreDataScheduleRepository.swift */,
				CD7823A82EF66CC00083A25A /* CoreDataSectionRepository.swift */,
				CD7823A92EF66CC00083A25A /* CoreDataStudentRepository.swift */,
				CD7823AA2EF66CC00083A25A /* CoreDataTAUserRepository.swift */,
			);
			path = Repositories;
			sourceTree = "<group>";
		};
		CDCFA69E2EF6598B00F7BBD1 /* Data */ = {
			isa = PBXGroup;
			children = (
				CD7823942EF66CB20083A25A /* CoreData */,
				CDCFA69A2EF6598B00F7BBD1 /* CloudKit */,
				CDCFA69D2EF6598B00F7BBD1 /* Repositories */,
			);
			path = Data;
			sourceTree = "<group>";
		};
		CDCFA6A22EF6598B00F7BBD1 /* Services */ = {
			isa = PBXGroup;
			children = (
			);
			path = Services;
			sourceTree = "<group>";
		};
		CDCFA6A32EF6598B00F7BBD1 /* ViewModels */ = {
			isa = PBXGroup;
			children = (
				CD26DBD92EF7F23000175298 /* CourseBuilderViewModel.swift */,
				CD26DBDA2EF7F23000175298 /* CourseListViewModel.swift */,
				CD26DBDB2EF7F23000175298 /* ExamStructureViewModel.swift */,
				CD26DBDC2EF7F23000175298 /* OnboardingViewModel.swift */,
				CD26DBDD2EF7F23000175298 /* ScheduleViewModel.swift */,
				CD26DBDE2EF7F23000175298 /* ShareCourseViewModel.swift */,
				CD26DBDF2EF7F23000175298 /* StudentsViewModel.swift */,
			);
			path = ViewModels;
			sourceTree = "<group>";
		};
		CDCFA6AA2EF6598B00F7BBD1 /* Clementime */ = {
			isa = PBXGroup;
			children = (
				CDCFA6A02EF6598B00F7BBD1 /* Assets.xcassets */,
				CDCFA6872EF6598B00F7BBD1 /* ClementimeApp.swift */,
				CDCFA6882EF6598B00F7BBD1 /* ContentView.swift */,
				CDCFA6992EF6598B00F7BBD1 /* Core */,
				CDCFA69E2EF6598B00F7BBD1 /* Data */,
				CDCFA69F2EF6598B00F7BBD1 /* Info.plist */,
				CDCFA6A22EF6598B00F7BBD1 /* Services */,
				CDCFA6A32EF6598B00F7BBD1 /* ViewModels */,
				CD7823C42EF674000083A25A /* Views */,
			);
			path = Clementime;
			sourceTree = "<group>";
		};
/* End PBXGroup section */

/* Begin PBXNativeTarget section */
		CDCFA6572EF6594B00F7BBD1 /* Clementime */ = {
			isa = PBXNativeTarget;
			buildConfigurationList = CDCFA67E2EF6594C00F7BBD1 /* Build configuration list for PBXNativeTarget "Clementime" */;
			buildPhases = (
				CD26DC2E2EFD224000175298 /* Generate Build Info */,
				CDCFA6542EF6594B00F7BBD1 /* Sources */,
				CDCFA6552EF6594B00F7BBD1 /* Frameworks */,
				CDCFA6562EF6594B00F7BBD1 /* Resources */,
			);
			buildRules = (
			);
			dependencies = (
			);
			name = Clementime;
			packageProductDependencies = (
			);
			productName = Clementime;
			productReference = CDCFA6582EF6594B00F7BBD1 /* Clementime.app */;
			productType = "com.apple.product-type.application";
		};
		CDCFA6692EF6594C00F7BBD1 /* ClementimeTests */ = {
			isa = PBXNativeTarget;
			buildConfigurationList = CDCFA6812EF6594C00F7BBD1 /* Build configuration list for PBXNativeTarget "ClementimeTests" */;
			buildPhases = (
				CDCFA6662EF6594C00F7BBD1 /* Sources */,
				CDCFA6672EF6594C00F7BBD1 /* Frameworks */,
				CDCFA6682EF6594C00F7BBD1 /* Resources */,
			);
			buildRules = (
			);
			dependencies = (
				CDCFA66C2EF6594C00F7BBD1 /* PBXTargetDependency */,
			);
			fileSystemSynchronizedGroups = (
				CDCFA66D2EF6594C00F7BBD1 /* ClementimeTests */,
			);
			name = ClementimeTests;
			packageProductDependencies = (
			);
			productName = ClementimeTests;
			productReference = CDCFA66A2EF6594C00F7BBD1 /* ClementimeTests.xctest */;
			productType = "com.apple.product-type.bundle.unit-test";
		};
		CDCFA6732EF6594C00F7BBD1 /* ClementimeUITests */ = {
			isa = PBXNativeTarget;
			buildConfigurationList = CDCFA6842EF6594C00F7BBD1 /* Build configuration list for PBXNativeTarget "ClementimeUITests" */;
			buildPhases = (
				CDCFA6702EF6594C00F7BBD1 /* Sources */,
				CDCFA6712EF6594C00F7BBD1 /* Frameworks */,
				CDCFA6722EF6594C00F7BBD1 /* Resources */,
			);
			buildRules = (
			);
			dependencies = (
				CDCFA6762EF6594C00F7BBD1 /* PBXTargetDependency */,
			);
			fileSystemSynchronizedGroups = (
				CDCFA6772EF6594C00F7BBD1 /* ClementimeUITests */,
			);
			name = ClementimeUITests;
			packageProductDependencies = (
			);
			productName = ClementimeUITests;
			productReference = CDCFA6742EF6594C00F7BBD1 /* ClementimeUITests.xctest */;
			productType = "com.apple.product-type.bundle.ui-testing";
		};
/* End PBXNativeTarget section */

/* Begin PBXProject section */
		CDCFA6502EF6594B00F7BBD1 /* Project object */ = {
			isa = PBXProject;
			attributes = {
				BuildIndependentTargetsInParallel = 1;
				LastSwiftUpdateCheck = 2610;
				LastUpgradeCheck = 2610;
				TargetAttributes = {
					CDCFA6572EF6594B00F7BBD1 = {
						CreatedOnToolsVersion = 26.1.1;
					};
					CDCFA6692EF6594C00F7BBD1 = {
						CreatedOnToolsVersion = 26.1.1;
						TestTargetID = CDCFA6572EF6594B00F7BBD1;
					};
					CDCFA6732EF6594C00F7BBD1 = {
						CreatedOnToolsVersion = 26.1.1;
						TestTargetID = CDCFA6572EF6594B00F7BBD1;
					};
				};
			};
			buildConfigurationList = CDCFA6532EF6594B00F7BBD1 /* Build configuration list for PBXProject "Clementime" */;
			developmentRegion = en;
			hasScannedForEncodings = 0;
			knownRegions = (
				en,
				Base,
			);
			mainGroup = CDCFA64F2EF6594B00F7BBD1;
			minimizedProjectReferenceProxies = 1;
			preferredProjectObjectVersion = 77;
			productRefGroup = CDCFA6592EF6594B00F7BBD1 /* Products */;
			projectDirPath = "";
			projectRoot = "";
			targets = (
				CDCFA6572EF6594B00F7BBD1 /* Clementime */,
				CDCFA6692EF6594C00F7BBD1 /* ClementimeTests */,
				CDCFA6732EF6594C00F7BBD1 /* ClementimeUITests */,
			);
		};
/* End PBXProject section */

/* Begin PBXResourcesBuildPhase section */
		CDCFA6562EF6594B00F7BBD1 /* Resources */ = {
			isa = PBXResourcesBuildPhase;
			buildActionMask = 2147483647;
			files = (
				CD52BCEA2EFE9A6B004E9BAA /* Clementime App.icon in Resources */,
				CD52BD042EFE9CB0004E9BAA /* clementime-app-logo.png in Resources */,
				CDCFA6AB2EF6598B00F7BBD1 /* Info.plist in Resources */,
				CDCFA6AC2EF6598B00F7BBD1 /* Assets.xcassets in Resources */,
			);
			runOnlyForDeploymentPostprocessing = 0;
		};
		CDCFA6682EF6594C00F7BBD1 /* Resources */ = {
			isa = PBXResourcesBuildPhase;
			buildActionMask = 2147483647;
			files = (
			);
			runOnlyForDeploymentPostprocessing = 0;
		};
		CDCFA6722EF6594C00F7BBD1 /* Resources */ = {
			isa = PBXResourcesBuildPhase;
			buildActionMask = 2147483647;
			files = (
			);
			runOnlyForDeploymentPostprocessing = 0;
		};
/* End PBXResourcesBuildPhase section */

/* Begin PBXShellScriptBuildPhase section */
		CD26DC2E2EFD224000175298 /* Generate Build Info */ = {
			isa = PBXShellScriptBuildPhase;
			buildActionMask = 2147483647;
			files = (
			);
			inputFileListPaths = (
			);
			inputPaths = (
				"$(SRCROOT)/scripts/generate-build-info.sh",
			);
			name = "Generate Build Info";
			outputFileListPaths = (
			);
			outputPaths = (
				"$(SRCROOT)/Clementime/Core/BuildInfo.swift",
			);
			runOnlyForDeploymentPostprocessing = 0;
			shellPath = /bin/sh;
			shellScript = "# Type a script or drag a script file from your workspace to insert its path.\n\"${SRCROOT}/scripts/generate-build-info.sh\"\n";
		};
/* End PBXShellScriptBuildPhase section */

/* Begin PBXSourcesBuildPhase section */
		CDCFA6542EF6594B00F7BBD1 /* Sources */ = {
			isa = PBXSourcesBuildPhase;
			buildActionMask = 2147483647;
			files = (
				CDCFA6AD2EF6598B00F7BBD1 /* ExamSlot.swift in Sources */,
				CD26DBF52EFBA40300175298 /* ScheduleExportSheet.swift in Sources */,
				CD26DBF62EFBA40300175298 /* TAListExportSheet.swift in Sources */,
				CD26DBF72EFBA40300175298 /* RosterExportSheet.swift in Sources */,
				CDCFA6AF2EF6598B00F7BBD1 /* ExamSlotHistory.swift in Sources */,
				CD26DBE02EF7F23000175298 /* CourseBuilderViewModel.swift in Sources */,
				CD26DBE12EF7F23000175298 /* CourseListViewModel.swift in Sources */,
				CD26DBEE2EFB6F7C00175298 /* SyncStatusView.swift in Sources */,
				CD26DBE22EF7F23000175298 /* ExamStructureViewModel.swift in Sources */,
				CD26DBE32EF7F23000175298 /* OnboardingViewModel.swift in Sources */,
				CD26DBE42EF7F23000175298 /* ScheduleViewModel.swift in Sources */,
				CD26DBE52EF7F23000175298 /* ShareCourseViewModel.swift in Sources */,
				CD26DBE62EF7F23000175298 /* StudentsViewModel.swift in Sources */,
				CDCFA6B02EF6598B00F7BBD1 /* Course.swift in Sources */,
				CD26DBE82EF7F26F00175298 /* ColorExtensions.swift in Sources */,
				CDCFA6B12EF6598B00F7BBD1 /* Constraint.swift in Sources */,
				CDCFA6B22EF6598B00F7BBD1 /* Section.swift in Sources */,
				CDCFA6B32EF6598B00F7BBD1 /* PermissionChecker.swift in Sources */,
				CDCFA6B42EF6598B00F7BBD1 /* Student.swift in Sources */,
				CD26DBF12EFBA3F300175298 /* AboutView.swift in Sources */,
				CDCFA6B52EF6598B00F7BBD1 /* TAUser.swift in Sources */,
				CDCFA6B62EF6598B00F7BBD1 /* Cohort.swift in Sources */,
				CDCFA6B82EF6598B00F7BBD1 /* Recording.swift in Sources */,
				CD78236E2EF66C8A0083A25A /* ScheduleRepository.swift in Sources */,
				CD78236F2EF66C8A0083A25A /* RecordingRepository.swift in Sources */,
				CD7823702EF66C8A0083A25A /* CohortRepository.swift in Sources */,
				CD26DC012EFBA90900175298 /* ExportCourseUseCase.swift in Sources */,
				CD26DC022EFBA90900175298 /* ImportCourseUseCase.swift in Sources */,
				CD7823712EF66C8A0083A25A /* ConstraintRepository.swift in Sources */,
				CD7823722EF66C8A0083A25A /* SectionRepository.swift in Sources */,
				CD26DBEA2EFB6F2800175298 /* ExamSessionEditorView.swift in Sources */,
				CD7823732EF66C8A0083A25A /* StudentRepository.swift in Sources */,
				CD78237E2EF66C960083A25A /* ManageConstraintsUseCase.swift in Sources */,
				CD78237F2EF66C960083A25A /* GenerateScheduleUseCase.swift in Sources */,
				CD7823802EF66C960083A25A /* ShareCourseUseCase.swift in Sources */,
				CD7823962EF66CB20083A25A /* StudentEntity+Mapping.swift in Sources */,
				CD7823972EF66CB20083A25A /* RecordingEntity+Mapping.swift in Sources */,
				CD7823982EF66CB20083A25A /* ExamSlotHistoryEntity+Mapping.swift in Sources */,
				CD7823992EF66CB20083A25A /* ConstraintEntity+Mapping.swift in Sources */,
				CD78239A2EF66CB20083A25A /* Clementime.xcdatamodeld in Sources */,
				CD78239B2EF66CB20083A25A /* TAUserEntity+Mapping.swift in Sources */,
				CD78239C2EF66CB20083A25A /* CourseEntity+Mapping.swift in Sources */,
				CD78239D2EF66CB20083A25A /* ExamSlotEntity+Mapping.swift in Sources */,
				CD26DC2D2EFD164300175298 /* CSVParser.swift in Sources */,
				CD78239E2EF66CB20083A25A /* PersistenceController.swift in Sources */,
				CD78239F2EF66CB20083A25A /* CohortEntity+Mapping.swift in Sources */,
				CD7823A02EF66CB20083A25A /* SectionEntity+Mapping.swift in Sources */,
				CD7823A12EF66CB20083A25A /* ExamSessionEntity+Mapping.swift in Sources */,
				CD7823812EF66C960083A25A /* AcceptShareUseCase.swift in Sources */,
				CD7823C52EF674000083A25A /* ScheduleView.swift in Sources */,
				CD7823C62EF674000083A25A /* CourseDetailView.swift in Sources */,
				CD7823C72EF674000083A25A /* ExamSessionsView.swift in Sources */,
				CD7823C82EF674000083A25A /* StudentsView.swift in Sources */,
				CD26DBB62EF7362000175298 /* CenteredDisclosureStyle.swift in Sources */,
				CD7823C92EF674000083A25A /* CourseSettingsView.swift in Sources */,
				CD7823CA2EF674000083A25A /* CourseBuilderView.swift in Sources */,
				CD26DBD62EF7F20C00175298 /* ExamStructureCanvasView.swift in Sources */,
				CD26DBD72EF7F20C00175298 /* ExamStructureModels.swift in Sources */,
				CD26DC0D2EFBA95A00175298 /* CurrentUserService.swift in Sources */,
				CD26DC0F2EFBA95A00175298 /* PDFGenerator.swift in Sources */,
				CD26DBD82EF7F20C00175298 /* NodeAttributesEditor.swift in Sources */,
				CD7823822EF66C960083A25A /* ExportScheduleUseCase.swift in Sources */,
				CD7823862EF66C9D0083A25A /* CloudKitShareManager.swift in Sources */,
				CD7823832EF66C960083A25A /* CreateCourseUseCase.swift in Sources */,
				CD7823842EF66C960083A25A /* RemoveCollaboratorUseCase.swift in Sources */,
				CD7823742EF66C8A0083A25A /* ExamSessionRepository.swift in Sources */,
				CD7823752EF66C8A0083A25A /* TAUserRepository.swift in Sources */,
				CD26DBD12EF7F1E900175298 /* SectionDashboardView.swift in Sources */,
				CD7823762EF66C8A0083A25A /* CourseRepository.swift in Sources */,
				CDCFA6B92EF6598B00F7BBD1 /* ContentView.swift in Sources */,
				CDCFA6BA2EF6598B00F7BBD1 /* ClementimeApp.swift in Sources */,
				CD26DBFE2EFBA8DA00175298 /* DependencyContainer.swift in Sources */,
				CD7823AB2EF66CC00083A25A /* CoreDataRecordingRepository.swift in Sources */,
				CD7823AC2EF66CC00083A25A /* CoreDataTAUserRepository.swift in Sources */,
				CD7823AD2EF66CC00083A25A /* CoreDataSectionRepository.swift in Sources */,
				CD7823AE2EF66CC00083A25A /* CoreDataConstraintRepository.swift in Sources */,
				CD7823AF2EF66CC00083A25A /* CoreDataCohortRepository.swift in Sources */,
				CD7823B02EF66CC00083A25A /* CoreDataScheduleRepository.swift in Sources */,
				CD26DC302EFD230C00175298 /* BuildInfo.swift in Sources */,
				CD7823B12EF66CC00083A25A /* CoreDataStudentRepository.swift in Sources */,
				CD7823B22EF66CC00083A25A /* CoreDataCourseRepository.swift in Sources */,
				CD7823B32EF66CC00083A25A /* CoreDataExamSessionRepository.swift in Sources */,
				CDCFA6BB2EF6598B00F7BBD1 /* ExamSession.swift in Sources */,
				CD26DBFA2EFBA4C600175298 /* CourseExport.swift in Sources */,
				CD26DBFB2EFBA4C600175298 /* ExportOptions.swift in Sources */,
				D02D87CB09F2F0A306CB8C7D /* SectionsView.swift in Sources */,
				54F2568EE86D2B737581D66C /* SectionEditorView.swift in Sources */,
				72E75DD429F202B6D26AE143 /* CourseOnboardingFlow.swift in Sources */,
			);
			runOnlyForDeploymentPostprocessing = 0;
		};
		CDCFA6662EF6594C00F7BBD1 /* Sources */ = {
			isa = PBXSourcesBuildPhase;
			buildActionMask = 2147483647;
			files = (
			);
			runOnlyForDeploymentPostprocessing = 0;
		};
		CDCFA6702EF6594C00F7BBD1 /* Sources */ = {
			isa = PBXSourcesBuildPhase;
			buildActionMask = 2147483647;
			files = (
			);
			runOnlyForDeploymentPostprocessing = 0;
		};
/* End PBXSourcesBuildPhase section */

/* Begin PBXTargetDependency section */
		CDCFA66C2EF6594C00F7BBD1 /* PBXTargetDependency */ = {
			isa = PBXTargetDependency;
			target = CDCFA6572EF6594B00F7BBD1 /* Clementime */;
			targetProxy = CDCFA66B2EF6594C00F7BBD1 /* PBXContainerItemProxy */;
		};
		CDCFA6762EF6594C00F7BBD1 /* PBXTargetDependency */ = {
			isa = PBXTargetDependency;
			target = CDCFA6572EF6594B00F7BBD1 /* Clementime */;
			targetProxy = CDCFA6752EF6594C00F7BBD1 /* PBXContainerItemProxy */;
		};
/* End PBXTargetDependency section */

/* Begin XCBuildConfiguration section */
		CDCFA67C2EF6594C00F7BBD1 /* Debug */ = {
			isa = XCBuildConfiguration;
			buildSettings = {
				ALWAYS_SEARCH_USER_PATHS = NO;
				ASSETCATALOG_COMPILER_GENERATE_SWIFT_ASSET_SYMBOL_EXTENSIONS = YES;
				CLANG_ANALYZER_NONNULL = YES;
				CLANG_ANALYZER_NUMBER_OBJECT_CONVERSION = YES_AGGRESSIVE;
				CLANG_CXX_LANGUAGE_STANDARD = "gnu++20";
				CLANG_ENABLE_MODULES = YES;
				CLANG_ENABLE_OBJC_ARC = YES;
				CLANG_ENABLE_OBJC_WEAK = YES;
				CLANG_WARN_BLOCK_CAPTURE_AUTORELEASING = YES;
				CLANG_WARN_BOOL_CONVERSION = YES;
				CLANG_WARN_COMMA = YES;
				CLANG_WARN_CONSTANT_CONVERSION = YES;
				CLANG_WARN_DEPRECATED_OBJC_IMPLEMENTATIONS = YES;
				CLANG_WARN_DIRECT_OBJC_ISA_USAGE = YES_ERROR;
				CLANG_WARN_DOCUMENTATION_COMMENTS = YES;
				CLANG_WARN_EMPTY_BODY = YES;
				CLANG_WARN_ENUM_CONVERSION = YES;
				CLANG_WARN_INFINITE_RECURSION = YES;
				CLANG_WARN_INT_CONVERSION = YES;
				CLANG_WARN_NON_LITERAL_NULL_CONVERSION = YES;
				CLANG_WARN_OBJC_IMPLICIT_RETAIN_SELF = YES;
				CLANG_WARN_OBJC_LITERAL_CONVERSION = YES;
				CLANG_WARN_OBJC_ROOT_CLASS = YES_ERROR;
				CLANG_WARN_QUOTED_INCLUDE_IN_FRAMEWORK_HEADER = YES;
				CLANG_WARN_RANGE_LOOP_ANALYSIS = YES;
				CLANG_WARN_STRICT_PROTOTYPES = YES;
				CLANG_WARN_SUSPICIOUS_MOVE = YES;
				CLANG_WARN_UNGUARDED_AVAILABILITY = YES_AGGRESSIVE;
				CLANG_WARN_UNREACHABLE_CODE = YES;
				CLANG_WARN__DUPLICATE_METHOD_MATCH = YES;
				COPY_PHASE_STRIP = NO;
				DEBUG_INFORMATION_FORMAT = dwarf;
				DEVELOPMENT_TEAM = ZL4K35VM2L;
				ENABLE_STRICT_OBJC_MSGSEND = YES;
				ENABLE_TESTABILITY = YES;
				ENABLE_USER_SCRIPT_SANDBOXING = YES;
				GCC_C_LANGUAGE_STANDARD = gnu17;
				GCC_DYNAMIC_NO_PIC = NO;
				GCC_NO_COMMON_BLOCKS = YES;
				GCC_OPTIMIZATION_LEVEL = 0;
				GCC_PREPROCESSOR_DEFINITIONS = (
					"DEBUG=1",
					"$(inherited)",
				);
				GCC_WARN_64_TO_32_BIT_CONVERSION = YES;
				GCC_WARN_ABOUT_RETURN_TYPE = YES_ERROR;
				GCC_WARN_UNDECLARED_SELECTOR = YES;
				GCC_WARN_UNINITIALIZED_AUTOS = YES_AGGRESSIVE;
				GCC_WARN_UNUSED_FUNCTION = YES;
				GCC_WARN_UNUSED_VARIABLE = YES;
				LOCALIZATION_PREFERS_STRING_CATALOGS = YES;
				MACOSX_DEPLOYMENT_TARGET = 15.0;
				MTL_ENABLE_DEBUG_INFO = INCLUDE_SOURCE;
				MTL_FAST_MATH = YES;
				ONLY_ACTIVE_ARCH = YES;
				SDKROOT = macosx;
				SWIFT_ACTIVE_COMPILATION_CONDITIONS = "DEBUG $(inherited)";
				SWIFT_OPTIMIZATION_LEVEL = "-Onone";
			};
			name = Debug;
		};
		CDCFA67D2EF6594C00F7BBD1 /* Release */ = {
			isa = XCBuildConfiguration;
			buildSettings = {
				ALWAYS_SEARCH_USER_PATHS = NO;
				ASSETCATALOG_COMPILER_GENERATE_SWIFT_ASSET_SYMBOL_EXTENSIONS = YES;
				CLANG_ANALYZER_NONNULL = YES;
				CLANG_ANALYZER_NUMBER_OBJECT_CONVERSION = YES_AGGRESSIVE;
				CLANG_CXX_LANGUAGE_STANDARD = "gnu++20";
				CLANG_ENABLE_MODULES = YES;
				CLANG_ENABLE_OBJC_ARC = YES;
				CLANG_ENABLE_OBJC_WEAK = YES;
				CLANG_WARN_BLOCK_CAPTURE_AUTORELEASING = YES;
				CLANG_WARN_BOOL_CONVERSION = YES;
				CLANG_WARN_COMMA = YES;
				CLANG_WARN_CONSTANT_CONVERSION = YES;
				CLANG_WARN_DEPRECATED_OBJC_IMPLEMENTATIONS = YES;
				CLANG_WARN_DIRECT_OBJC_ISA_USAGE = YES_ERROR;
				CLANG_WARN_DOCUMENTATION_COMMENTS = YES;
				CLANG_WARN_EMPTY_BODY = YES;
				CLANG_WARN_ENUM_CONVERSION = YES;
				CLANG_WARN_INFINITE_RECURSION = YES;
				CLANG_WARN_INT_CONVERSION = YES;
				CLANG_WARN_NON_LITERAL_NULL_CONVERSION = YES;
				CLANG_WARN_OBJC_IMPLICIT_RETAIN_SELF = YES;
				CLANG_WARN_OBJC_LITERAL_CONVERSION = YES;
				CLANG_WARN_OBJC_ROOT_CLASS = YES_ERROR;
				CLANG_WARN_QUOTED_INCLUDE_IN_FRAMEWORK_HEADER = YES;
				CLANG_WARN_RANGE_LOOP_ANALYSIS = YES;
				CLANG_WARN_STRICT_PROTOTYPES = YES;
				CLANG_WARN_SUSPICIOUS_MOVE = YES;
				CLANG_WARN_UNGUARDED_AVAILABILITY = YES_AGGRESSIVE;
				CLANG_WARN_UNREACHABLE_CODE = YES;
				CLANG_WARN__DUPLICATE_METHOD_MATCH = YES;
				COPY_PHASE_STRIP = NO;
				DEBUG_INFORMATION_FORMAT = "dwarf-with-dsym";
				DEVELOPMENT_TEAM = ZL4K35VM2L;
				ENABLE_NS_ASSERTIONS = NO;
				ENABLE_STRICT_OBJC_MSGSEND = YES;
				ENABLE_USER_SCRIPT_SANDBOXING = YES;
				GCC_C_LANGUAGE_STANDARD = gnu17;
				GCC_NO_COMMON_BLOCKS = YES;
				GCC_WARN_64_TO_32_BIT_CONVERSION = YES;
				GCC_WARN_ABOUT_RETURN_TYPE = YES_ERROR;
				GCC_WARN_UNDECLARED_SELECTOR = YES;
				GCC_WARN_UNINITIALIZED_AUTOS = YES_AGGRESSIVE;
				GCC_WARN_UNUSED_FUNCTION = YES;
				GCC_WARN_UNUSED_VARIABLE = YES;
				LOCALIZATION_PREFERS_STRING_CATALOGS = YES;
				MACOSX_DEPLOYMENT_TARGET = 15.0;
				MTL_ENABLE_DEBUG_INFO = NO;
				MTL_FAST_MATH = YES;
				SDKROOT = macosx;
				SWIFT_COMPILATION_MODE = wholemodule;
			};
			name = Release;
		};
		CDCFA67F2EF6594C00F7BBD1 /* Debug */ = {
			isa = XCBuildConfiguration;
			buildSettings = {
				ASSETCATALOG_COMPILER_APPICON_NAME = "Clementime App";
				ASSETCATALOG_COMPILER_GLOBAL_ACCENT_COLOR_NAME = AccentColor;
				ASSETCATALOG_COMPILER_INCLUDE_ALL_APPICON_ASSETS = YES;
				AUTOMATION_APPLE_EVENTS = NO;
				CODE_SIGN_ENTITLEMENTS = Clementime/Clementime.entitlements;
				CODE_SIGN_IDENTITY = "Apple Development";
				CODE_SIGN_STYLE = Automatic;
				COMBINE_HIDPI_IMAGES = YES;
				CURRENT_PROJECT_VERSION = 796;
				DEVELOPMENT_TEAM = ZL4K35VM2L;
				ENABLE_APP_SANDBOX = YES;
				ENABLE_HARDENED_RUNTIME = YES;
				ENABLE_INCOMING_NETWORK_CONNECTIONS = NO;
				ENABLE_OUTGOING_NETWORK_CONNECTIONS = NO;
				ENABLE_PREVIEWS = YES;
				ENABLE_RESOURCE_ACCESS_AUDIO_INPUT = YES;
				ENABLE_RESOURCE_ACCESS_BLUETOOTH = NO;
				ENABLE_RESOURCE_ACCESS_CALENDARS = NO;
				ENABLE_RESOURCE_ACCESS_CAMERA = NO;
				ENABLE_RESOURCE_ACCESS_CONTACTS = NO;
				ENABLE_RESOURCE_ACCESS_LOCATION = NO;
				ENABLE_RESOURCE_ACCESS_PHOTO_LIBRARY = NO;
				ENABLE_RESOURCE_ACCESS_PRINTING = NO;
				ENABLE_RESOURCE_ACCESS_USB = NO;
				ENABLE_USER_SELECTED_FILES = readwrite;
				GENERATE_INFOPLIST_FILE = YES;
				INFOPLIST_KEY_CFBundleDisplayName = Clementime;
				INFOPLIST_KEY_CFBundleVersion = "$(CURRENT_PROJECT_VERSION)";
				INFOPLIST_KEY_LSApplicationCategoryType = "public.app-category.education";
				INFOPLIST_KEY_NSHumanReadableCopyright = "";
				LD_RUNPATH_SEARCH_PATHS = (
					"$(inherited)",
					"@executable_path/../Frameworks",
				);
				MACOSX_DEPLOYMENT_TARGET = 15.6;
				MARKETING_VERSION = 25.2.0;
				PRODUCT_BUNDLE_IDENTIFIER = com.shawnschwartz.Clementime;
				PRODUCT_NAME = "$(TARGET_NAME)";
				PROVISIONING_PROFILE_SPECIFIER = "";
				REGISTER_APP_GROUPS = YES;
				RUNTIME_EXCEPTION_ALLOW_DYLD_ENVIRONMENT_VARIABLES = NO;
				RUNTIME_EXCEPTION_ALLOW_JIT = NO;
				RUNTIME_EXCEPTION_ALLOW_UNSIGNED_EXECUTABLE_MEMORY = NO;
				RUNTIME_EXCEPTION_DEBUGGING_TOOL = NO;
				RUNTIME_EXCEPTION_DISABLE_EXECUTABLE_PAGE_PROTECTION = NO;
				RUNTIME_EXCEPTION_DISABLE_LIBRARY_VALIDATION = NO;
				STRING_CATALOG_GENERATE_SYMBOLS = YES;
				SWIFT_APPROACHABLE_CONCURRENCY = YES;
				SWIFT_DEFAULT_ACTOR_ISOLATION = MainActor;
				SWIFT_EMIT_LOC_STRINGS = YES;
				SWIFT_UPCOMING_FEATURE_MEMBER_IMPORT_VISIBILITY = YES;
				SWIFT_VERSION = 5.0;
				VERSIONING_SYSTEM = "apple-generic";
			};
			name = Debug;
		};
		CDCFA6802EF6594C00F7BBD1 /* Release */ = {
			isa = XCBuildConfiguration;
			buildSettings = {
				ASSETCATALOG_COMPILER_APPICON_NAME = "Clementime App";
				ASSETCATALOG_COMPILER_GLOBAL_ACCENT_COLOR_NAME = AccentColor;
				ASSETCATALOG_COMPILER_INCLUDE_ALL_APPICON_ASSETS = YES;
				AUTOMATION_APPLE_EVENTS = NO;
				CODE_SIGN_ENTITLEMENTS = Clementime/Clementime.entitlements;
				CODE_SIGN_IDENTITY = "Apple Development";
				"CODE_SIGN_IDENTITY[sdk=macosx*]" = "3rd Party Mac Developer Application";
				CODE_SIGN_STYLE = Manual;
				COMBINE_HIDPI_IMAGES = YES;
				CURRENT_PROJECT_VERSION = 796;
				DEVELOPMENT_TEAM = "";
				"DEVELOPMENT_TEAM[sdk=macosx*]" = ZL4K35VM2L;
				ENABLE_APP_SANDBOX = YES;
				ENABLE_HARDENED_RUNTIME = YES;
				ENABLE_INCOMING_NETWORK_CONNECTIONS = NO;
				ENABLE_OUTGOING_NETWORK_CONNECTIONS = NO;
				ENABLE_PREVIEWS = YES;
				ENABLE_RESOURCE_ACCESS_AUDIO_INPUT = YES;
				ENABLE_RESOURCE_ACCESS_BLUETOOTH = NO;
				ENABLE_RESOURCE_ACCESS_CALENDARS = NO;
				ENABLE_RESOURCE_ACCESS_CAMERA = NO;
				ENABLE_RESOURCE_ACCESS_CONTACTS = NO;
				ENABLE_RESOURCE_ACCESS_LOCATION = NO;
				ENABLE_RESOURCE_ACCESS_PHOTO_LIBRARY = NO;
				ENABLE_RESOURCE_ACCESS_PRINTING = NO;
				ENABLE_RESOURCE_ACCESS_USB = NO;
				ENABLE_USER_SELECTED_FILES = readwrite;
				GENERATE_INFOPLIST_FILE = YES;
				INFOPLIST_KEY_CFBundleDisplayName = Clementime;
				INFOPLIST_KEY_CFBundleVersion = "$(CURRENT_PROJECT_VERSION)";
				INFOPLIST_KEY_LSApplicationCategoryType = "public.app-category.education";
				INFOPLIST_KEY_NSHumanReadableCopyright = "";
				LD_RUNPATH_SEARCH_PATHS = (
					"$(inherited)",
					"@executable_path/../Frameworks",
				);
				MACOSX_DEPLOYMENT_TARGET = 15.6;
				MARKETING_VERSION = 25.2.0;
				PRODUCT_BUNDLE_IDENTIFIER = com.shawnschwartz.Clementime;
				PRODUCT_NAME = "$(TARGET_NAME)";
				PROVISIONING_PROFILE_SPECIFIER = "";
				REGISTER_APP_GROUPS = YES;
				RUNTIME_EXCEPTION_ALLOW_DYLD_ENVIRONMENT_VARIABLES = NO;
				RUNTIME_EXCEPTION_ALLOW_JIT = NO;
				RUNTIME_EXCEPTION_ALLOW_UNSIGNED_EXECUTABLE_MEMORY = NO;
				RUNTIME_EXCEPTION_DEBUGGING_TOOL = NO;
				RUNTIME_EXCEPTION_DISABLE_EXECUTABLE_PAGE_PROTECTION = NO;
				RUNTIME_EXCEPTION_DISABLE_LIBRARY_VALIDATION = NO;
				STRING_CATALOG_GENERATE_SYMBOLS = YES;
				SWIFT_APPROACHABLE_CONCURRENCY = YES;
				SWIFT_DEFAULT_ACTOR_ISOLATION = MainActor;
				SWIFT_EMIT_LOC_STRINGS = YES;
				SWIFT_UPCOMING_FEATURE_MEMBER_IMPORT_VISIBILITY = YES;
				SWIFT_VERSION = 5.0;
				VERSIONING_SYSTEM = "apple-generic";
			};
			name = Release;
		};
		CDCFA6822EF6594C00F7BBD1 /* Debug */ = {
			isa = XCBuildConfiguration;
			buildSettings = {
				BUNDLE_LOADER = "$(TEST_HOST)";
				CODE_SIGN_STYLE = Automatic;
				CURRENT_PROJECT_VERSION = 796;
				DEVELOPMENT_TEAM = ZL4K35VM2L;
				GENERATE_INFOPLIST_FILE = YES;
				MACOSX_DEPLOYMENT_TARGET = 15.0;
				MARKETING_VERSION = 1.0;
				PRODUCT_BUNDLE_IDENTIFIER = com.shawnschwartz.ClementimeTests;
				PRODUCT_NAME = "$(TARGET_NAME)";
				STRING_CATALOG_GENERATE_SYMBOLS = NO;
				SWIFT_APPROACHABLE_CONCURRENCY = YES;
				SWIFT_EMIT_LOC_STRINGS = NO;
				SWIFT_UPCOMING_FEATURE_MEMBER_IMPORT_VISIBILITY = YES;
				SWIFT_VERSION = 5.0;
				TEST_HOST = "$(BUILT_PRODUCTS_DIR)/Clementime.app/$(BUNDLE_EXECUTABLE_FOLDER_PATH)/Clementime";
			};
			name = Debug;
		};
		CDCFA6832EF6594C00F7BBD1 /* Release */ = {
			isa = XCBuildConfiguration;
			buildSettings = {
				BUNDLE_LOADER = "$(TEST_HOST)";
				CODE_SIGN_STYLE = Automatic;
				CURRENT_PROJECT_VERSION = 796;
				DEVELOPMENT_TEAM = ZL4K35VM2L;
				GENERATE_INFOPLIST_FILE = YES;
				MACOSX_DEPLOYMENT_TARGET = 15.0;
				MARKETING_VERSION = 1.0;
				PRODUCT_BUNDLE_IDENTIFIER = com.shawnschwartz.ClementimeTests;
				PRODUCT_NAME = "$(TARGET_NAME)";
				STRING_CATALOG_GENERATE_SYMBOLS = NO;
				SWIFT_APPROACHABLE_CONCURRENCY = YES;
				SWIFT_EMIT_LOC_STRINGS = NO;
				SWIFT_UPCOMING_FEATURE_MEMBER_IMPORT_VISIBILITY = YES;
				SWIFT_VERSION = 5.0;
				TEST_HOST = "$(BUILT_PRODUCTS_DIR)/Clementime.app/$(BUNDLE_EXECUTABLE_FOLDER_PATH)/Clementime";
			};
			name = Release;
		};
		CDCFA6852EF6594C00F7BBD1 /* Debug */ = {
			isa = XCBuildConfiguration;
			buildSettings = {
				CODE_SIGN_STYLE = Automatic;
				CURRENT_PROJECT_VERSION = 796;
				DEVELOPMENT_TEAM = ZL4K35VM2L;
				GENERATE_INFOPLIST_FILE = YES;
				MARKETING_VERSION = 1.0;
				PRODUCT_BUNDLE_IDENTIFIER = com.shawnschwartz.ClementimeUITests;
				PRODUCT_NAME = "$(TARGET_NAME)";
				STRING_CATALOG_GENERATE_SYMBOLS = NO;
				SWIFT_APPROACHABLE_CONCURRENCY = YES;
				SWIFT_EMIT_LOC_STRINGS = NO;
				SWIFT_UPCOMING_FEATURE_MEMBER_IMPORT_VISIBILITY = YES;
				SWIFT_VERSION = 5.0;
				TEST_TARGET_NAME = Clementime;
			};
			name = Debug;
		};
		CDCFA6862EF6594C00F7BBD1 /* Release */ = {
			isa = XCBuildConfiguration;
			buildSettings = {
				CODE_SIGN_STYLE = Automatic;
				CURRENT_PROJECT_VERSION = 796;
				DEVELOPMENT_TEAM = ZL4K35VM2L;
				GENERATE_INFOPLIST_FILE = YES;
				MARKETING_VERSION = 1.0;
				PRODUCT_BUNDLE_IDENTIFIER = com.shawnschwartz.ClementimeUITests;
				PRODUCT_NAME = "$(TARGET_NAME)";
				STRING_CATALOG_GENERATE_SYMBOLS = NO;
				SWIFT_APPROACHABLE_CONCURRENCY = YES;
				SWIFT_EMIT_LOC_STRINGS = NO;
				SWIFT_UPCOMING_FEATURE_MEMBER_IMPORT_VISIBILITY = YES;
				SWIFT_VERSION = 5.0;
				TEST_TARGET_NAME = Clementime;
			};
			name = Release;
		};
/* End XCBuildConfiguration section */

/* Begin XCConfigurationList section */
		CDCFA6532EF6594B00F7BBD1 /* Build configuration list for PBXProject "Clementime" */ = {
			isa = XCConfigurationList;
			buildConfigurations = (
				CDCFA67C2EF6594C00F7BBD1 /* Debug */,
				CDCFA67D2EF6594C00F7BBD1 /* Release */,
			);
			defaultConfigurationIsVisible = 0;
			defaultConfigurationName = Release;
		};
		CDCFA67E2EF6594C00F7BBD1 /* Build configuration list for PBXNativeTarget "Clementime" */ = {
			isa = XCConfigurationList;
			buildConfigurations = (
				CDCFA67F2EF6594C00F7BBD1 /* Debug */,
				CDCFA6802EF6594C00F7BBD1 /* Release */,
			);
			defaultConfigurationIsVisible = 0;
			defaultConfigurationName = Release;
		};
		CDCFA6812EF6594C00F7BBD1 /* Build configuration list for PBXNativeTarget "ClementimeTests" */ = {
			isa = XCConfigurationList;
			buildConfigurations = (
				CDCFA6822EF6594C00F7BBD1 /* Debug */,
				CDCFA6832EF6594C00F7BBD1 /* Release */,
			);
			defaultConfigurationIsVisible = 0;
			defaultConfigurationName = Release;
		};
		CDCFA6842EF6594C00F7BBD1 /* Build configuration list for PBXNativeTarget "ClementimeUITests" */ = {
			isa = XCConfigurationList;
			buildConfigurations = (
				CDCFA6852EF6594C00F7BBD1 /* Debug */,
				CDCFA6862EF6594C00F7BBD1 /* Release */,
			);
			defaultConfigurationIsVisible = 0;
			defaultConfigurationName = Release;
		};
/* End XCConfigurationList section */

/* Begin XCVersionGroup section */
		CD7823922EF66CB20083A25A /* Clementime.xcdatamodeld */ = {
			isa = XCVersionGroup;
			children = (
				CD7823952EF66CB20083A25A /* Clementime.xcdatamodel */,
			);
			currentVersion = CD7823952EF66CB20083A25A /* Clementime.xcdatamodel */;
			path = Clementime.xcdatamodeld;
			sourceTree = "<group>";
			versionGroupType = wrapper.xcdatamodel;
		};
/* End XCVersionGroup section */
	};
	rootObject = CDCFA6502EF6594B00F7BBD1 /* Project object */;
}
