// !$*UTF8*$!
{
	archiveVersion = 1;
	classes = {
	};
	objectVersion = 77;
	objects = {

/* Begin PBXBuildFile section */
		CDCFA6AB2EF6598B00F7BBD1 /* Info.plist in Resources */ = {isa = PBXBuildFile; fileRef = CDCFA69F2EF6598B00F7BBD1 /* Info.plist */; };
		CDCFA6AC2EF6598B00F7BBD1 /* Assets.xcassets in Resources */ = {isa = PBXBuildFile; fileRef = CDCFA6A02EF6598B00F7BBD1 /* Assets.xcassets */; };
		CDCFA6AD2EF6598B00F7BBD1 /* ExamSlot.swift in Sources */ = {isa = PBXBuildFile; fileRef = CDCFA68D2EF6598B00F7BBD1 /* ExamSlot.swift */; };
		CDCFA6AE2EF6598B00F7BBD1 /* CourseDetailView.swift in Sources */ = {isa = PBXBuildFile; fileRef = CDCFA6A52EF6598B00F7BBD1 /* CourseDetailView.swift */; };
		CDCFA6AF2EF6598B00F7BBD1 /* ExamSlotHistory.swift in Sources */ = {isa = PBXBuildFile; fileRef = CDCFA68E2EF6598B00F7BBD1 /* ExamSlotHistory.swift */; };
		CDCFA6B02EF6598B00F7BBD1 /* Course.swift in Sources */ = {isa = PBXBuildFile; fileRef = CDCFA68B2EF6598B00F7BBD1 /* Course.swift */; };
		CDCFA6B12EF6598B00F7BBD1 /* Constraint.swift in Sources */ = {isa = PBXBuildFile; fileRef = CDCFA68A2EF6598B00F7BBD1 /* Constraint.swift */; };
		CDCFA6B22EF6598B00F7BBD1 /* Section.swift in Sources */ = {isa = PBXBuildFile; fileRef = CDCFA6902EF6598B00F7BBD1 /* Section.swift */; };
		CDCFA6B32EF6598B00F7BBD1 /* PermissionChecker.swift in Sources */ = {isa = PBXBuildFile; fileRef = CDCFA6952EF6598B00F7BBD1 /* PermissionChecker.swift */; };
		CDCFA6B42EF6598B00F7BBD1 /* Student.swift in Sources */ = {isa = PBXBuildFile; fileRef = CDCFA6912EF6598B00F7BBD1 /* Student.swift */; };
		CDCFA6B52EF6598B00F7BBD1 /* TAUser.swift in Sources */ = {isa = PBXBuildFile; fileRef = CDCFA6922EF6598B00F7BBD1 /* TAUser.swift */; };
		CDCFA6B62EF6598B00F7BBD1 /* Cohort.swift in Sources */ = {isa = PBXBuildFile; fileRef = CDCFA6892EF6598B00F7BBD1 /* Cohort.swift */; };
		CDCFA6B72EF6598B00F7BBD1 /* PersistenceController.swift in Sources */ = {isa = PBXBuildFile; fileRef = CDCFA69B2EF6598B00F7BBD1 /* PersistenceController.swift */; };
		CDCFA6B82EF6598B00F7BBD1 /* Recording.swift in Sources */ = {isa = PBXBuildFile; fileRef = CDCFA68F2EF6598B00F7BBD1 /* Recording.swift */; };
		CDCFA6B92EF6598B00F7BBD1 /* ContentView.swift in Sources */ = {isa = PBXBuildFile; fileRef = CDCFA6882EF6598B00F7BBD1 /* ContentView.swift */; };
		CDCFA6BA2EF6598B00F7BBD1 /* ClemenTimeApp.swift in Sources */ = {isa = PBXBuildFile; fileRef = CDCFA6872EF6598B00F7BBD1 /* ClemenTimeApp.swift */; };
		CDCFA6BB2EF6598B00F7BBD1 /* ExamSession.swift in Sources */ = {isa = PBXBuildFile; fileRef = CDCFA68C2EF6598B00F7BBD1 /* ExamSession.swift */; };
		CDCFA6BF2EF65A4300F7BBD1 /* Clementime.xcdatamodeld in Sources */ = {isa = PBXBuildFile; fileRef = CDCFA6BD2EF65A4300F7BBD1 /* Clementime.xcdatamodeld */; };
/* End PBXBuildFile section */

/* Begin PBXContainerItemProxy section */
		CDCFA66B2EF6594C00F7BBD1 /* PBXContainerItemProxy */ = {
			isa = PBXContainerItemProxy;
			containerPortal = CDCFA6502EF6594B00F7BBD1 /* Project object */;
			proxyType = 1;
			remoteGlobalIDString = CDCFA6572EF6594B00F7BBD1;
			remoteInfo = Clementime;
		};
		CDCFA6752EF6594C00F7BBD1 /* PBXContainerItemProxy */ = {
			isa = PBXContainerItemProxy;
			containerPortal = CDCFA6502EF6594B00F7BBD1 /* Project object */;
			proxyType = 1;
			remoteGlobalIDString = CDCFA6572EF6594B00F7BBD1;
			remoteInfo = Clementime;
		};
/* End PBXContainerItemProxy section */

/* Begin PBXFileReference section */
		CDCFA6582EF6594B00F7BBD1 /* Clementime.app */ = {isa = PBXFileReference; explicitFileType = wrapper.application; includeInIndex = 0; path = Clementime.app; sourceTree = BUILT_PRODUCTS_DIR; };
		CDCFA66A2EF6594C00F7BBD1 /* ClementimeTests.xctest */ = {isa = PBXFileReference; explicitFileType = wrapper.cfbundle; includeInIndex = 0; path = ClementimeTests.xctest; sourceTree = BUILT_PRODUCTS_DIR; };
		CDCFA6742EF6594C00F7BBD1 /* ClementimeUITests.xctest */ = {isa = PBXFileReference; explicitFileType = wrapper.cfbundle; includeInIndex = 0; path = ClementimeUITests.xctest; sourceTree = BUILT_PRODUCTS_DIR; };
		CDCFA6872EF6598B00F7BBD1 /* ClemenTimeApp.swift */ = {isa = PBXFileReference; lastKnownFileType = sourcecode.swift; path = ClemenTimeApp.swift; sourceTree = "<group>"; };
		CDCFA6882EF6598B00F7BBD1 /* ContentView.swift */ = {isa = PBXFileReference; lastKnownFileType = sourcecode.swift; path = ContentView.swift; sourceTree = "<group>"; };
		CDCFA6892EF6598B00F7BBD1 /* Cohort.swift */ = {isa = PBXFileReference; lastKnownFileType = sourcecode.swift; path = Cohort.swift; sourceTree = "<group>"; };
		CDCFA68A2EF6598B00F7BBD1 /* Constraint.swift */ = {isa = PBXFileReference; lastKnownFileType = sourcecode.swift; path = Constraint.swift; sourceTree = "<group>"; };
		CDCFA68B2EF6598B00F7BBD1 /* Course.swift */ = {isa = PBXFileReference; lastKnownFileType = sourcecode.swift; path = Course.swift; sourceTree = "<group>"; };
		CDCFA68C2EF6598B00F7BBD1 /* ExamSession.swift */ = {isa = PBXFileReference; lastKnownFileType = sourcecode.swift; path = ExamSession.swift; sourceTree = "<group>"; };
		CDCFA68D2EF6598B00F7BBD1 /* ExamSlot.swift */ = {isa = PBXFileReference; lastKnownFileType = sourcecode.swift; path = ExamSlot.swift; sourceTree = "<group>"; };
		CDCFA68E2EF6598B00F7BBD1 /* ExamSlotHistory.swift */ = {isa = PBXFileReference; lastKnownFileType = sourcecode.swift; path = ExamSlotHistory.swift; sourceTree = "<group>"; };
		CDCFA68F2EF6598B00F7BBD1 /* Recording.swift */ = {isa = PBXFileReference; lastKnownFileType = sourcecode.swift; path = Recording.swift; sourceTree = "<group>"; };
		CDCFA6902EF6598B00F7BBD1 /* Section.swift */ = {isa = PBXFileReference; lastKnownFileType = sourcecode.swift; path = Section.swift; sourceTree = "<group>"; };
		CDCFA6912EF6598B00F7BBD1 /* Student.swift */ = {isa = PBXFileReference; lastKnownFileType = sourcecode.swift; path = Student.swift; sourceTree = "<group>"; };
		CDCFA6922EF6598B00F7BBD1 /* TAUser.swift */ = {isa = PBXFileReference; lastKnownFileType = sourcecode.swift; path = TAUser.swift; sourceTree = "<group>"; };
		CDCFA6952EF6598B00F7BBD1 /* PermissionChecker.swift */ = {isa = PBXFileReference; lastKnownFileType = sourcecode.swift; path = PermissionChecker.swift; sourceTree = "<group>"; };
		CDCFA69B2EF6598B00F7BBD1 /* PersistenceController.swift */ = {isa = PBXFileReference; lastKnownFileType = sourcecode.swift; path = PersistenceController.swift; sourceTree = "<group>"; };
		CDCFA69F2EF6598B00F7BBD1 /* Info.plist */ = {isa = PBXFileReference; lastKnownFileType = text.plist.xml; path = Info.plist; sourceTree = "<group>"; };
		CDCFA6A02EF6598B00F7BBD1 /* Assets.xcassets */ = {isa = PBXFileReference; lastKnownFileType = folder.assetcatalog; path = Assets.xcassets; sourceTree = "<group>"; };
		CDCFA6A52EF6598B00F7BBD1 /* CourseDetailView.swift */ = {isa = PBXFileReference; lastKnownFileType = sourcecode.swift; path = CourseDetailView.swift; sourceTree = "<group>"; };
		CDCFA6BE2EF65A4300F7BBD1 /* Clementime.xcdatamodel */ = {isa = PBXFileReference; lastKnownFileType = wrapper.xcdatamodel; path = Clementime.xcdatamodel; sourceTree = "<group>"; };
/* End PBXFileReference section */

/* Begin PBXFileSystemSynchronizedRootGroup section */
		CDCFA65A2EF6594B00F7BBD1 /* Clementime */ = {
			isa = PBXFileSystemSynchronizedRootGroup;
			path = Clementime;
			sourceTree = "<group>";
		};
		CDCFA66D2EF6594C00F7BBD1 /* ClementimeTests */ = {
			isa = PBXFileSystemSynchronizedRootGroup;
			path = ClementimeTests;
			sourceTree = "<group>";
		};
		CDCFA6772EF6594C00F7BBD1 /* ClementimeUITests */ = {
			isa = PBXFileSystemSynchronizedRootGroup;
			path = ClementimeUITests;
			sourceTree = "<group>";
		};
/* End PBXFileSystemSynchronizedRootGroup section */

/* Begin PBXFrameworksBuildPhase section */
		CDCFA6552EF6594B00F7BBD1 /* Frameworks */ = {
			isa = PBXFrameworksBuildPhase;
			buildActionMask = 2147483647;
			files = (
			);
			runOnlyForDeploymentPostprocessing = 0;
		};
		CDCFA6672EF6594C00F7BBD1 /* Frameworks */ = {
			isa = PBXFrameworksBuildPhase;
			buildActionMask = 2147483647;
			files = (
			);
			runOnlyForDeploymentPostprocessing = 0;
		};
		CDCFA6712EF6594C00F7BBD1 /* Frameworks */ = {
			isa = PBXFrameworksBuildPhase;
			buildActionMask = 2147483647;
			files = (
			);
			runOnlyForDeploymentPostprocessing = 0;
		};
/* End PBXFrameworksBuildPhase section */

/* Begin PBXGroup section */
		CDCFA64F2EF6594B00F7BBD1 = {
			isa = PBXGroup;
			children = (
				CDCFA65A2EF6594B00F7BBD1 /* Clementime */,
				CDCFA66D2EF6594C00F7BBD1 /* ClementimeTests */,
				CDCFA6772EF6594C00F7BBD1 /* ClementimeUITests */,
				CDCFA6592EF6594B00F7BBD1 /* Products */,
				CDCFA6872EF6598B00F7BBD1 /* ClemenTimeApp.swift */,
				CDCFA6882EF6598B00F7BBD1 /* ContentView.swift */,
				CDCFA6992EF6598B00F7BBD1 /* Core */,
				CDCFA69E2EF6598B00F7BBD1 /* Data */,
				CDCFA69F2EF6598B00F7BBD1 /* Info.plist */,
				CDCFA6A12EF6598B00F7BBD1 /* Resources */,
				CDCFA6A22EF6598B00F7BBD1 /* Services */,
				CDCFA6A32EF6598B00F7BBD1 /* ViewModels */,
				CDCFA6AA2EF6598B00F7BBD1 /* Views */,
			);
			sourceTree = "<group>";
		};
		CDCFA6592EF6594B00F7BBD1 /* Products */ = {
			isa = PBXGroup;
			children = (
				CDCFA6582EF6594B00F7BBD1 /* Clementime.app */,
				CDCFA66A2EF6594C00F7BBD1 /* ClementimeTests.xctest */,
				CDCFA6742EF6594C00F7BBD1 /* ClementimeUITests.xctest */,
			);
			name = Products;
			sourceTree = "<group>";
		};
		CDCFA6932EF6598B00F7BBD1 /* Entities */ = {
			isa = PBXGroup;
			children = (
				CDCFA6892EF6598B00F7BBD1 /* Cohort.swift */,
				CDCFA68A2EF6598B00F7BBD1 /* Constraint.swift */,
				CDCFA68B2EF6598B00F7BBD1 /* Course.swift */,
				CDCFA68C2EF6598B00F7BBD1 /* ExamSession.swift */,
				CDCFA68D2EF6598B00F7BBD1 /* ExamSlot.swift */,
				CDCFA68E2EF6598B00F7BBD1 /* ExamSlotHistory.swift */,
				CDCFA68F2EF6598B00F7BBD1 /* Recording.swift */,
				CDCFA6902EF6598B00F7BBD1 /* Section.swift */,
				CDCFA6912EF6598B00F7BBD1 /* Student.swift */,
				CDCFA6922EF6598B00F7BBD1 /* TAUser.swift */,
			);
			path = Entities;
			sourceTree = "<group>";
		};
		CDCFA6942EF6598B00F7BBD1 /* Repositories */ = {
			isa = PBXGroup;
			children = (
			);
			path = Repositories;
			sourceTree = "<group>";
		};
		CDCFA6962EF6598B00F7BBD1 /* Services */ = {
			isa = PBXGroup;
			children = (
				CDCFA6952EF6598B00F7BBD1 /* PermissionChecker.swift */,
			);
			path = Services;
			sourceTree = "<group>";
		};
		CDCFA6972EF6598B00F7BBD1 /* UseCases */ = {
			isa = PBXGroup;
			children = (
			);
			path = UseCases;
			sourceTree = "<group>";
		};
		CDCFA6982EF6598B00F7BBD1 /* Domain */ = {
			isa = PBXGroup;
			children = (
				CDCFA6932EF6598B00F7BBD1 /* Entities */,
				CDCFA6942EF6598B00F7BBD1 /* Repositories */,
				CDCFA6962EF6598B00F7BBD1 /* Services */,
				CDCFA6972EF6598B00F7BBD1 /* UseCases */,
			);
			path = Domain;
			sourceTree = "<group>";
		};
		CDCFA6992EF6598B00F7BBD1 /* Core */ = {
			isa = PBXGroup;
			children = (
				CDCFA6982EF6598B00F7BBD1 /* Domain */,
			);
			path = Core;
			sourceTree = "<group>";
		};
		CDCFA69A2EF6598B00F7BBD1 /* CloudKit */ = {
			isa = PBXGroup;
			children = (
			);
			path = CloudKit;
			sourceTree = "<group>";
		};
		CDCFA69C2EF6598B00F7BBD1 /* CoreData */ = {
			isa = PBXGroup;
			children = (
				CDCFA69B2EF6598B00F7BBD1 /* PersistenceController.swift */,
				CDCFA6BD2EF65A4300F7BBD1 /* Clementime.xcdatamodeld */,
			);
			path = CoreData;
			sourceTree = "<group>";
		};
		CDCFA69D2EF6598B00F7BBD1 /* Repositories */ = {
			isa = PBXGroup;
			children = (
			);
			path = Repositories;
			sourceTree = "<group>";
		};
		CDCFA69E2EF6598B00F7BBD1 /* Data */ = {
			isa = PBXGroup;
			children = (
				CDCFA69A2EF6598B00F7BBD1 /* CloudKit */,
				CDCFA69C2EF6598B00F7BBD1 /* CoreData */,
				CDCFA69D2EF6598B00F7BBD1 /* Repositories */,
			);
			path = Data;
			sourceTree = "<group>";
		};
		CDCFA6A12EF6598B00F7BBD1 /* Resources */ = {
			isa = PBXGroup;
			children = (
				CDCFA6A02EF6598B00F7BBD1 /* Assets.xcassets */,
			);
			path = Resources;
			sourceTree = "<group>";
		};
		CDCFA6A22EF6598B00F7BBD1 /* Services */ = {
			isa = PBXGroup;
			children = (
			);
			path = Services;
			sourceTree = "<group>";
		};
		CDCFA6A32EF6598B00F7BBD1 /* ViewModels */ = {
			isa = PBXGroup;
			children = (
			);
			path = ViewModels;
			sourceTree = "<group>";
		};
		CDCFA6A42EF6598B00F7BBD1 /* Common */ = {
			isa = PBXGroup;
			children = (
			);
			path = Common;
			sourceTree = "<group>";
		};
		CDCFA6A62EF6598B00F7BBD1 /* Course */ = {
			isa = PBXGroup;
			children = (
				CDCFA6A52EF6598B00F7BBD1 /* CourseDetailView.swift */,
			);
			path = Course;
			sourceTree = "<group>";
		};
		CDCFA6A72EF6598B00F7BBD1 /* Schedule */ = {
			isa = PBXGroup;
			children = (
			);
			path = Schedule;
			sourceTree = "<group>";
		};
		CDCFA6A82EF6598B00F7BBD1 /* Settings */ = {
			isa = PBXGroup;
			children = (
			);
			path = Settings;
			sourceTree = "<group>";
		};
		CDCFA6A92EF6598B00F7BBD1 /* Students */ = {
			isa = PBXGroup;
			children = (
			);
			path = Students;
			sourceTree = "<group>";
		};
		CDCFA6AA2EF6598B00F7BBD1 /* Views */ = {
			isa = PBXGroup;
			children = (
				CDCFA6A42EF6598B00F7BBD1 /* Common */,
				CDCFA6A62EF6598B00F7BBD1 /* Course */,
				CDCFA6A72EF6598B00F7BBD1 /* Schedule */,
				CDCFA6A82EF6598B00F7BBD1 /* Settings */,
				CDCFA6A92EF6598B00F7BBD1 /* Students */,
			);
			path = Views;
			sourceTree = "<group>";
		};
/* End PBXGroup section */

/* Begin PBXNativeTarget section */
		CDCFA6572EF6594B00F7BBD1 /* Clementime */ = {
			isa = PBXNativeTarget;
			buildConfigurationList = CDCFA67E2EF6594C00F7BBD1 /* Build configuration list for PBXNativeTarget "Clementime" */;
			buildPhases = (
				CDCFA6542EF6594B00F7BBD1 /* Sources */,
				CDCFA6552EF6594B00F7BBD1 /* Frameworks */,
				CDCFA6562EF6594B00F7BBD1 /* Resources */,
			);
			buildRules = (
			);
			dependencies = (
			);
			fileSystemSynchronizedGroups = (
				CDCFA65A2EF6594B00F7BBD1 /* Clementime */,
			);
			name = Clementime;
			packageProductDependencies = (
			);
			productName = Clementime;
			productReference = CDCFA6582EF6594B00F7BBD1 /* Clementime.app */;
			productType = "com.apple.product-type.application";
		};
		CDCFA6692EF6594C00F7BBD1 /* ClementimeTests */ = {
			isa = PBXNativeTarget;
			buildConfigurationList = CDCFA6812EF6594C00F7BBD1 /* Build configuration list for PBXNativeTarget "ClementimeTests" */;
			buildPhases = (
				CDCFA6662EF6594C00F7BBD1 /* Sources */,
				CDCFA6672EF6594C00F7BBD1 /* Frameworks */,
				CDCFA6682EF6594C00F7BBD1 /* Resources */,
			);
			buildRules = (
			);
			dependencies = (
				CDCFA66C2EF6594C00F7BBD1 /* PBXTargetDependency */,
			);
			fileSystemSynchronizedGroups = (
				CDCFA66D2EF6594C00F7BBD1 /* ClementimeTests */,
			);
			name = ClementimeTests;
			packageProductDependencies = (
			);
			productName = ClementimeTests;
			productReference = CDCFA66A2EF6594C00F7BBD1 /* ClementimeTests.xctest */;
			productType = "com.apple.product-type.bundle.unit-test";
		};
		CDCFA6732EF6594C00F7BBD1 /* ClementimeUITests */ = {
			isa = PBXNativeTarget;
			buildConfigurationList = CDCFA6842EF6594C00F7BBD1 /* Build configuration list for PBXNativeTarget "ClementimeUITests" */;
			buildPhases = (
				CDCFA6702EF6594C00F7BBD1 /* Sources */,
				CDCFA6712EF6594C00F7BBD1 /* Frameworks */,
				CDCFA6722EF6594C00F7BBD1 /* Resources */,
			);
			buildRules = (
			);
			dependencies = (
				CDCFA6762EF6594C00F7BBD1 /* PBXTargetDependency */,
			);
			fileSystemSynchronizedGroups = (
				CDCFA6772EF6594C00F7BBD1 /* ClementimeUITests */,
			);
			name = ClementimeUITests;
			packageProductDependencies = (
			);
			productName = ClementimeUITests;
			productReference = CDCFA6742EF6594C00F7BBD1 /* ClementimeUITests.xctest */;
			productType = "com.apple.product-type.bundle.ui-testing";
		};
/* End PBXNativeTarget section */

/* Begin PBXProject section */
		CDCFA6502EF6594B00F7BBD1 /* Project object */ = {
			isa = PBXProject;
			attributes = {
				BuildIndependentTargetsInParallel = 1;
				LastSwiftUpdateCheck = 2610;
				LastUpgradeCheck = 2610;
				TargetAttributes = {
					CDCFA6572EF6594B00F7BBD1 = {
						CreatedOnToolsVersion = 26.1.1;
					};
					CDCFA6692EF6594C00F7BBD1 = {
						CreatedOnToolsVersion = 26.1.1;
						TestTargetID = CDCFA6572EF6594B00F7BBD1;
					};
					CDCFA6732EF6594C00F7BBD1 = {
						CreatedOnToolsVersion = 26.1.1;
						TestTargetID = CDCFA6572EF6594B00F7BBD1;
					};
				};
			};
			buildConfigurationList = CDCFA6532EF6594B00F7BBD1 /* Build configuration list for PBXProject "Clementime" */;
			developmentRegion = en;
			hasScannedForEncodings = 0;
			knownRegions = (
				en,
				Base,
			);
			mainGroup = CDCFA64F2EF6594B00F7BBD1;
			minimizedProjectReferenceProxies = 1;
			preferredProjectObjectVersion = 77;
			productRefGroup = CDCFA6592EF6594B00F7BBD1 /* Products */;
			projectDirPath = "";
			projectRoot = "";
			targets = (
				CDCFA6572EF6594B00F7BBD1 /* Clementime */,
				CDCFA6692EF6594C00F7BBD1 /* ClementimeTests */,
				CDCFA6732EF6594C00F7BBD1 /* ClementimeUITests */,
			);
		};
/* End PBXProject section */

/* Begin PBXResourcesBuildPhase section */
		CDCFA6562EF6594B00F7BBD1 /* Resources */ = {
			isa = PBXResourcesBuildPhase;
			buildActionMask = 2147483647;
			files = (
				CDCFA6AB2EF6598B00F7BBD1 /* Info.plist in Resources */,
				CDCFA6AC2EF6598B00F7BBD1 /* Assets.xcassets in Resources */,
			);
			runOnlyForDeploymentPostprocessing = 0;
		};
		CDCFA6682EF6594C00F7BBD1 /* Resources */ = {
			isa = PBXResourcesBuildPhase;
			buildActionMask = 2147483647;
			files = (
			);
			runOnlyForDeploymentPostprocessing = 0;
		};
		CDCFA6722EF6594C00F7BBD1 /* Resources */ = {
			isa = PBXResourcesBuildPhase;
			buildActionMask = 2147483647;
			files = (
			);
			runOnlyForDeploymentPostprocessing = 0;
		};
/* End PBXResourcesBuildPhase section */

/* Begin PBXSourcesBuildPhase section */
		CDCFA6542EF6594B00F7BBD1 /* Sources */ = {
			isa = PBXSourcesBuildPhase;
			buildActionMask = 2147483647;
			files = (
				CDCFA6AD2EF6598B00F7BBD1 /* ExamSlot.swift in Sources */,
				CDCFA6BF2EF65A4300F7BBD1 /* Clementime.xcdatamodeld in Sources */,
				CDCFA6AE2EF6598B00F7BBD1 /* CourseDetailView.swift in Sources */,
				CDCFA6AF2EF6598B00F7BBD1 /* ExamSlotHistory.swift in Sources */,
				CDCFA6B02EF6598B00F7BBD1 /* Course.swift in Sources */,
				CDCFA6B12EF6598B00F7BBD1 /* Constraint.swift in Sources */,
				CDCFA6B22EF6598B00F7BBD1 /* Section.swift in Sources */,
				CDCFA6B32EF6598B00F7BBD1 /* PermissionChecker.swift in Sources */,
				CDCFA6B42EF6598B00F7BBD1 /* Student.swift in Sources */,
				CDCFA6B52EF6598B00F7BBD1 /* TAUser.swift in Sources */,
				CDCFA6B62EF6598B00F7BBD1 /* Cohort.swift in Sources */,
				CDCFA6B72EF6598B00F7BBD1 /* PersistenceController.swift in Sources */,
				CDCFA6B82EF6598B00F7BBD1 /* Recording.swift in Sources */,
				CDCFA6B92EF6598B00F7BBD1 /* ContentView.swift in Sources */,
				CDCFA6BA2EF6598B00F7BBD1 /* ClemenTimeApp.swift in Sources */,
				CDCFA6BB2EF6598B00F7BBD1 /* ExamSession.swift in Sources */,
			);
			runOnlyForDeploymentPostprocessing = 0;
		};
		CDCFA6662EF6594C00F7BBD1 /* Sources */ = {
			isa = PBXSourcesBuildPhase;
			buildActionMask = 2147483647;
			files = (
			);
			runOnlyForDeploymentPostprocessing = 0;
		};
		CDCFA6702EF6594C00F7BBD1 /* Sources */ = {
			isa = PBXSourcesBuildPhase;
			buildActionMask = 2147483647;
			files = (
			);
			runOnlyForDeploymentPostprocessing = 0;
		};
/* End PBXSourcesBuildPhase section */

/* Begin PBXTargetDependency section */
		CDCFA66C2EF6594C00F7BBD1 /* PBXTargetDependency */ = {
			isa = PBXTargetDependency;
			target = CDCFA6572EF6594B00F7BBD1 /* Clementime */;
			targetProxy = CDCFA66B2EF6594C00F7BBD1 /* PBXContainerItemProxy */;
		};
		CDCFA6762EF6594C00F7BBD1 /* PBXTargetDependency */ = {
			isa = PBXTargetDependency;
			target = CDCFA6572EF6594B00F7BBD1 /* Clementime */;
			targetProxy = CDCFA6752EF6594C00F7BBD1 /* PBXContainerItemProxy */;
		};
/* End PBXTargetDependency section */

/* Begin XCBuildConfiguration section */
		CDCFA67C2EF6594C00F7BBD1 /* Debug */ = {
			isa = XCBuildConfiguration;
			buildSettings = {
				ALWAYS_SEARCH_USER_PATHS = NO;
				ASSETCATALOG_COMPILER_GENERATE_SWIFT_ASSET_SYMBOL_EXTENSIONS = YES;
				CLANG_ANALYZER_NONNULL = YES;
				CLANG_ANALYZER_NUMBER_OBJECT_CONVERSION = YES_AGGRESSIVE;
				CLANG_CXX_LANGUAGE_STANDARD = "gnu++20";
				CLANG_ENABLE_MODULES = YES;
				CLANG_ENABLE_OBJC_ARC = YES;
				CLANG_ENABLE_OBJC_WEAK = YES;
				CLANG_WARN_BLOCK_CAPTURE_AUTORELEASING = YES;
				CLANG_WARN_BOOL_CONVERSION = YES;
				CLANG_WARN_COMMA = YES;
				CLANG_WARN_CONSTANT_CONVERSION = YES;
				CLANG_WARN_DEPRECATED_OBJC_IMPLEMENTATIONS = YES;
				CLANG_WARN_DIRECT_OBJC_ISA_USAGE = YES_ERROR;
				CLANG_WARN_DOCUMENTATION_COMMENTS = YES;
				CLANG_WARN_EMPTY_BODY = YES;
				CLANG_WARN_ENUM_CONVERSION = YES;
				CLANG_WARN_INFINITE_RECURSION = YES;
				CLANG_WARN_INT_CONVERSION = YES;
				CLANG_WARN_NON_LITERAL_NULL_CONVERSION = YES;
				CLANG_WARN_OBJC_IMPLICIT_RETAIN_SELF = YES;
				CLANG_WARN_OBJC_LITERAL_CONVERSION = YES;
				CLANG_WARN_OBJC_ROOT_CLASS = YES_ERROR;
				CLANG_WARN_QUOTED_INCLUDE_IN_FRAMEWORK_HEADER = YES;
				CLANG_WARN_RANGE_LOOP_ANALYSIS = YES;
				CLANG_WARN_STRICT_PROTOTYPES = YES;
				CLANG_WARN_SUSPICIOUS_MOVE = YES;
				CLANG_WARN_UNGUARDED_AVAILABILITY = YES_AGGRESSIVE;
				CLANG_WARN_UNREACHABLE_CODE = YES;
				CLANG_WARN__DUPLICATE_METHOD_MATCH = YES;
				COPY_PHASE_STRIP = NO;
				DEBUG_INFORMATION_FORMAT = dwarf;
				DEVELOPMENT_TEAM = ZL4K35VM2L;
				ENABLE_STRICT_OBJC_MSGSEND = YES;
				ENABLE_TESTABILITY = YES;
				ENABLE_USER_SCRIPT_SANDBOXING = YES;
				GCC_C_LANGUAGE_STANDARD = gnu17;
				GCC_DYNAMIC_NO_PIC = NO;
				GCC_NO_COMMON_BLOCKS = YES;
				GCC_OPTIMIZATION_LEVEL = 0;
				GCC_PREPROCESSOR_DEFINITIONS = (
					"DEBUG=1",
					"$(inherited)",
				);
				GCC_WARN_64_TO_32_BIT_CONVERSION = YES;
				GCC_WARN_ABOUT_RETURN_TYPE = YES_ERROR;
				GCC_WARN_UNDECLARED_SELECTOR = YES;
				GCC_WARN_UNINITIALIZED_AUTOS = YES_AGGRESSIVE;
				GCC_WARN_UNUSED_FUNCTION = YES;
				GCC_WARN_UNUSED_VARIABLE = YES;
				LOCALIZATION_PREFERS_STRING_CATALOGS = YES;
				MACOSX_DEPLOYMENT_TARGET = 26.1;
				MTL_ENABLE_DEBUG_INFO = INCLUDE_SOURCE;
				MTL_FAST_MATH = YES;
				ONLY_ACTIVE_ARCH = YES;
				SDKROOT = macosx;
				SWIFT_ACTIVE_COMPILATION_CONDITIONS = "DEBUG $(inherited)";
				SWIFT_OPTIMIZATION_LEVEL = "-Onone";
			};
			name = Debug;
		};
		CDCFA67D2EF6594C00F7BBD1 /* Release */ = {
			isa = XCBuildConfiguration;
			buildSettings = {
				ALWAYS_SEARCH_USER_PATHS = NO;
				ASSETCATALOG_COMPILER_GENERATE_SWIFT_ASSET_SYMBOL_EXTENSIONS = YES;
				CLANG_ANALYZER_NONNULL = YES;
				CLANG_ANALYZER_NUMBER_OBJECT_CONVERSION = YES_AGGRESSIVE;
				CLANG_CXX_LANGUAGE_STANDARD = "gnu++20";
				CLANG_ENABLE_MODULES = YES;
				CLANG_ENABLE_OBJC_ARC = YES;
				CLANG_ENABLE_OBJC_WEAK = YES;
				CLANG_WARN_BLOCK_CAPTURE_AUTORELEASING = YES;
				CLANG_WARN_BOOL_CONVERSION = YES;
				CLANG_WARN_COMMA = YES;
				CLANG_WARN_CONSTANT_CONVERSION = YES;
				CLANG_WARN_DEPRECATED_OBJC_IMPLEMENTATIONS = YES;
				CLANG_WARN_DIRECT_OBJC_ISA_USAGE = YES_ERROR;
				CLANG_WARN_DOCUMENTATION_COMMENTS = YES;
				CLANG_WARN_EMPTY_BODY = YES;
				CLANG_WARN_ENUM_CONVERSION = YES;
				CLANG_WARN_INFINITE_RECURSION = YES;
				CLANG_WARN_INT_CONVERSION = YES;
				CLANG_WARN_NON_LITERAL_NULL_CONVERSION = YES;
				CLANG_WARN_OBJC_IMPLICIT_RETAIN_SELF = YES;
				CLANG_WARN_OBJC_LITERAL_CONVERSION = YES;
				CLANG_WARN_OBJC_ROOT_CLASS = YES_ERROR;
				CLANG_WARN_QUOTED_INCLUDE_IN_FRAMEWORK_HEADER = YES;
				CLANG_WARN_RANGE_LOOP_ANALYSIS = YES;
				CLANG_WARN_STRICT_PROTOTYPES = YES;
				CLANG_WARN_SUSPICIOUS_MOVE = YES;
				CLANG_WARN_UNGUARDED_AVAILABILITY = YES_AGGRESSIVE;
				CLANG_WARN_UNREACHABLE_CODE = YES;
				CLANG_WARN__DUPLICATE_METHOD_MATCH = YES;
				COPY_PHASE_STRIP = NO;
				DEBUG_INFORMATION_FORMAT = "dwarf-with-dsym";
				DEVELOPMENT_TEAM = ZL4K35VM2L;
				ENABLE_NS_ASSERTIONS = NO;
				ENABLE_STRICT_OBJC_MSGSEND = YES;
				ENABLE_USER_SCRIPT_SANDBOXING = YES;
				GCC_C_LANGUAGE_STANDARD = gnu17;
				GCC_NO_COMMON_BLOCKS = YES;
				GCC_WARN_64_TO_32_BIT_CONVERSION = YES;
				GCC_WARN_ABOUT_RETURN_TYPE = YES_ERROR;
				GCC_WARN_UNDECLARED_SELECTOR = YES;
				GCC_WARN_UNINITIALIZED_AUTOS = YES_AGGRESSIVE;
				GCC_WARN_UNUSED_FUNCTION = YES;
				GCC_WARN_UNUSED_VARIABLE = YES;
				LOCALIZATION_PREFERS_STRING_CATALOGS = YES;
				MACOSX_DEPLOYMENT_TARGET = 26.1;
				MTL_ENABLE_DEBUG_INFO = NO;
				MTL_FAST_MATH = YES;
				SDKROOT = macosx;
				SWIFT_COMPILATION_MODE = wholemodule;
			};
			name = Release;
		};
		CDCFA67F2EF6594C00F7BBD1 /* Debug */ = {
			isa = XCBuildConfiguration;
			buildSettings = {
				ASSETCATALOG_COMPILER_APPICON_NAME = AppIcon;
				ASSETCATALOG_COMPILER_GLOBAL_ACCENT_COLOR_NAME = AccentColor;
				CODE_SIGN_STYLE = Automatic;
				COMBINE_HIDPI_IMAGES = YES;
				CURRENT_PROJECT_VERSION = 1;
				DEVELOPMENT_TEAM = ZL4K35VM2L;
				ENABLE_APP_SANDBOX = YES;
				ENABLE_HARDENED_RUNTIME = YES;
				ENABLE_PREVIEWS = YES;
				ENABLE_USER_SELECTED_FILES = readonly;
				GENERATE_INFOPLIST_FILE = YES;
				INFOPLIST_KEY_NSHumanReadableCopyright = "";
				LD_RUNPATH_SEARCH_PATHS = (
					"$(inherited)",
					"@executable_path/../Frameworks",
				);
				MARKETING_VERSION = 1.0;
				PRODUCT_BUNDLE_IDENTIFIER = com.shawnschwartz.Clementime;
				PRODUCT_NAME = "$(TARGET_NAME)";
				REGISTER_APP_GROUPS = YES;
				STRING_CATALOG_GENERATE_SYMBOLS = YES;
				SWIFT_APPROACHABLE_CONCURRENCY = YES;
				SWIFT_DEFAULT_ACTOR_ISOLATION = MainActor;
				SWIFT_EMIT_LOC_STRINGS = YES;
				SWIFT_UPCOMING_FEATURE_MEMBER_IMPORT_VISIBILITY = YES;
				SWIFT_VERSION = 5.0;
			};
			name = Debug;
		};
		CDCFA6802EF6594C00F7BBD1 /* Release */ = {
			isa = XCBuildConfiguration;
			buildSettings = {
				ASSETCATALOG_COMPILER_APPICON_NAME = AppIcon;
				ASSETCATALOG_COMPILER_GLOBAL_ACCENT_COLOR_NAME = AccentColor;
				CODE_SIGN_STYLE = Automatic;
				COMBINE_HIDPI_IMAGES = YES;
				CURRENT_PROJECT_VERSION = 1;
				DEVELOPMENT_TEAM = ZL4K35VM2L;
				ENABLE_APP_SANDBOX = YES;
				ENABLE_HARDENED_RUNTIME = YES;
				ENABLE_PREVIEWS = YES;
				ENABLE_USER_SELECTED_FILES = readonly;
				GENERATE_INFOPLIST_FILE = YES;
				INFOPLIST_KEY_NSHumanReadableCopyright = "";
				LD_RUNPATH_SEARCH_PATHS = (
					"$(inherited)",
					"@executable_path/../Frameworks",
				);
				MARKETING_VERSION = 1.0;
				PRODUCT_BUNDLE_IDENTIFIER = com.shawnschwartz.Clementime;
				PRODUCT_NAME = "$(TARGET_NAME)";
				REGISTER_APP_GROUPS = YES;
				STRING_CATALOG_GENERATE_SYMBOLS = YES;
				SWIFT_APPROACHABLE_CONCURRENCY = YES;
				SWIFT_DEFAULT_ACTOR_ISOLATION = MainActor;
				SWIFT_EMIT_LOC_STRINGS = YES;
				SWIFT_UPCOMING_FEATURE_MEMBER_IMPORT_VISIBILITY = YES;
				SWIFT_VERSION = 5.0;
			};
			name = Release;
		};
		CDCFA6822EF6594C00F7BBD1 /* Debug */ = {
			isa = XCBuildConfiguration;
			buildSettings = {
				BUNDLE_LOADER = "$(TEST_HOST)";
				CODE_SIGN_STYLE = Automatic;
				CURRENT_PROJECT_VERSION = 1;
				DEVELOPMENT_TEAM = ZL4K35VM2L;
				GENERATE_INFOPLIST_FILE = YES;
				MACOSX_DEPLOYMENT_TARGET = 26.1;
				MARKETING_VERSION = 1.0;
				PRODUCT_BUNDLE_IDENTIFIER = com.shawnschwartz.ClementimeTests;
				PRODUCT_NAME = "$(TARGET_NAME)";
				STRING_CATALOG_GENERATE_SYMBOLS = NO;
				SWIFT_APPROACHABLE_CONCURRENCY = YES;
				SWIFT_EMIT_LOC_STRINGS = NO;
				SWIFT_UPCOMING_FEATURE_MEMBER_IMPORT_VISIBILITY = YES;
				SWIFT_VERSION = 5.0;
				TEST_HOST = "$(BUILT_PRODUCTS_DIR)/Clementime.app/$(BUNDLE_EXECUTABLE_FOLDER_PATH)/Clementime";
			};
			name = Debug;
		};
		CDCFA6832EF6594C00F7BBD1 /* Release */ = {
			isa = XCBuildConfiguration;
			buildSettings = {
				BUNDLE_LOADER = "$(TEST_HOST)";
				CODE_SIGN_STYLE = Automatic;
				CURRENT_PROJECT_VERSION = 1;
				DEVELOPMENT_TEAM = ZL4K35VM2L;
				GENERATE_INFOPLIST_FILE = YES;
				MACOSX_DEPLOYMENT_TARGET = 26.1;
				MARKETING_VERSION = 1.0;
				PRODUCT_BUNDLE_IDENTIFIER = com.shawnschwartz.ClementimeTests;
				PRODUCT_NAME = "$(TARGET_NAME)";
				STRING_CATALOG_GENERATE_SYMBOLS = NO;
				SWIFT_APPROACHABLE_CONCURRENCY = YES;
				SWIFT_EMIT_LOC_STRINGS = NO;
				SWIFT_UPCOMING_FEATURE_MEMBER_IMPORT_VISIBILITY = YES;
				SWIFT_VERSION = 5.0;
				TEST_HOST = "$(BUILT_PRODUCTS_DIR)/Clementime.app/$(BUNDLE_EXECUTABLE_FOLDER_PATH)/Clementime";
			};
			name = Release;
		};
		CDCFA6852EF6594C00F7BBD1 /* Debug */ = {
			isa = XCBuildConfiguration;
			buildSettings = {
				CODE_SIGN_STYLE = Automatic;
				CURRENT_PROJECT_VERSION = 1;
				DEVELOPMENT_TEAM = ZL4K35VM2L;
				GENERATE_INFOPLIST_FILE = YES;
				MARKETING_VERSION = 1.0;
				PRODUCT_BUNDLE_IDENTIFIER = com.shawnschwartz.ClementimeUITests;
				PRODUCT_NAME = "$(TARGET_NAME)";
				STRING_CATALOG_GENERATE_SYMBOLS = NO;
				SWIFT_APPROACHABLE_CONCURRENCY = YES;
				SWIFT_EMIT_LOC_STRINGS = NO;
				SWIFT_UPCOMING_FEATURE_MEMBER_IMPORT_VISIBILITY = YES;
				SWIFT_VERSION = 5.0;
				TEST_TARGET_NAME = Clementime;
			};
			name = Debug;
		};
		CDCFA6862EF6594C00F7BBD1 /* Release */ = {
			isa = XCBuildConfiguration;
			buildSettings = {
				CODE_SIGN_STYLE = Automatic;
				CURRENT_PROJECT_VERSION = 1;
				DEVELOPMENT_TEAM = ZL4K35VM2L;
				GENERATE_INFOPLIST_FILE = YES;
				MARKETING_VERSION = 1.0;
				PRODUCT_BUNDLE_IDENTIFIER = com.shawnschwartz.ClementimeUITests;
				PRODUCT_NAME = "$(TARGET_NAME)";
				STRING_CATALOG_GENERATE_SYMBOLS = NO;
				SWIFT_APPROACHABLE_CONCURRENCY = YES;
				SWIFT_EMIT_LOC_STRINGS = NO;
				SWIFT_UPCOMING_FEATURE_MEMBER_IMPORT_VISIBILITY = YES;
				SWIFT_VERSION = 5.0;
				TEST_TARGET_NAME = Clementime;
			};
			name = Release;
		};
/* End XCBuildConfiguration section */

/* Begin XCConfigurationList section */
		CDCFA6532EF6594B00F7BBD1 /* Build configuration list for PBXProject "Clementime" */ = {
			isa = XCConfigurationList;
			buildConfigurations = (
				CDCFA67C2EF6594C00F7BBD1 /* Debug */,
				CDCFA67D2EF6594C00F7BBD1 /* Release */,
			);
			defaultConfigurationIsVisible = 0;
			defaultConfigurationName = Release;
		};
		CDCFA67E2EF6594C00F7BBD1 /* Build configuration list for PBXNativeTarget "Clementime" */ = {
			isa = XCConfigurationList;
			buildConfigurations = (
				CDCFA67F2EF6594C00F7BBD1 /* Debug */,
				CDCFA6802EF6594C00F7BBD1 /* Release */,
			);
			defaultConfigurationIsVisible = 0;
			defaultConfigurationName = Release;
		};
		CDCFA6812EF6594C00F7BBD1 /* Build configuration list for PBXNativeTarget "ClementimeTests" */ = {
			isa = XCConfigurationList;
			buildConfigurations = (
				CDCFA6822EF6594C00F7BBD1 /* Debug */,
				CDCFA6832EF6594C00F7BBD1 /* Release */,
			);
			defaultConfigurationIsVisible = 0;
			defaultConfigurationName = Release;
		};
		CDCFA6842EF6594C00F7BBD1 /* Build configuration list for PBXNativeTarget "ClementimeUITests" */ = {
			isa = XCConfigurationList;
			buildConfigurations = (
				CDCFA6852EF6594C00F7BBD1 /* Debug */,
				CDCFA6862EF6594C00F7BBD1 /* Release */,
			);
			defaultConfigurationIsVisible = 0;
			defaultConfigurationName = Release;
		};
/* End XCConfigurationList section */

/* Begin XCVersionGroup section */
		CDCFA6BD2EF65A4300F7BBD1 /* Clementime.xcdatamodeld */ = {
			isa = XCVersionGroup;
			children = (
				CDCFA6BE2EF65A4300F7BBD1 /* Clementime.xcdatamodel */,
			);
			currentVersion = CDCFA6BE2EF65A4300F7BBD1 /* Clementime.xcdatamodel */;
			path = Clementime.xcdatamodeld;
			sourceTree = "<group>";
			versionGroupType = wrapper.xcdatamodel;
		};
/* End XCVersionGroup section */
	};
	rootObject = CDCFA6502EF6594B00F7BBD1 /* Project object */;
}
